
Microsoft Visual Studio Solution File, Format Version 12.00
# Visual Studio 14
VisualStudioVersion = 14.0.25420.1
MinimumVisualStudioVersion = 10.0.40219.1
Project("{FAE04EC0-301F-11D3-BF4B-00C04F79EFBC}") = "001", "001\001.csproj", "{79B141F7-2C2E-40AB-9AC8-781533421632}"
EndProject
Project("{FAE04EC0-301F-11D3-BF4B-00C04F79EFBC}") = "002", "002\002.csproj", "{DC06E189-E1C3-4415-960E-5EB47168579B}"
EndProject
Project("{FAE04EC0-301F-11D3-BF4B-00C04F79EFBC}") = "003", "003\003.csproj", "{1C8B6B38-33CE-441F-9722-B650C213D01F}"
EndProject
Project("{FAE04EC0-301F-11D3-BF4B-00C04F79EFBC}") = "004", "004\004.csproj", "{3B8448BC-0EE4-4C9F-9DBB-5E173DC31759}"
EndProject
Project("{FAE04EC0-301F-11D3-BF4B-00C04F79EFBC}") = "005", "005\005.csproj", "{75816A40-5410-4C8A-A511-536A706590A8}"
EndProject
Project("{FAE04EC0-301F-11D3-BF4B-00C04F79EFBC}") = "006", "006\006.csproj", "{AEB86964-BD32-4581-9DDE-6211865374C2}"
EndProject
Project("{FAE04EC0-301F-11D3-BF4B-00C04F79EFBC}") = "007", "007\007.csproj", "{48454113-AEC9-4E51-9A0B-B46123083879}"
EndProject
Project("{FAE04EC0-301F-11D3-BF4B-00C04F79EFBC}") = "008", "008\008.csproj", "{8F432D11-ECD7-4206-9AF6-7164E483C5A9}"
EndProject
Project("{FAE04EC0-301F-11D3-BF4B-00C04F79EFBC}") = "009", "009\009.csproj", "{9D398594-2303-4102-973C-EF24BD8E5CC0}"
EndProject
Global
	GlobalSection(SolutionConfigurationPlatforms) = preSolution
		Debug|Any CPU = Debug|Any CPU
		Release|Any CPU = Release|Any CPU
	EndGlobalSection
	GlobalSection(ProjectConfigurationPlatforms) = postSolution
		{79B141F7-2C2E-40AB-9AC8-781533421632}.Debug|Any CPU.ActiveCfg = Debug|Any CPU
		{79B141F7-2C2E-40AB-9AC8-781533421632}.Debug|Any CPU.Build.0 = Debug|Any CPU
		{79B141F7-2C2E-40AB-9AC8-781533421632}.Release|Any CPU.ActiveCfg = Release|Any CPU
		{79B141F7-2C2E-40AB-9AC8-781533421632}.Release|Any CPU.Build.0 = Release|Any CPU
		{DC06E189-E1C3-4415-960E-5EB47168579B}.Debug|Any CPU.ActiveCfg = Debug|Any CPU
		{DC06E189-E1C3-4415-960E-5EB47168579B}.Debug|Any CPU.Build.0 = Debug|Any CPU
		{DC06E189-E1C3-4415-960E-5EB47168579B}.Release|Any CPU.ActiveCfg = Release|Any CPU
		{DC06E189-E1C3-4415-960E-5EB47168579B}.Release|Any CPU.Build.0 = Release|Any CPU
		{1C8B6B38-33CE-441F-9722-B650C213D01F}.Debug|Any CPU.ActiveCfg = Debug|Any CPU
		{1C8B6B38-33CE-441F-9722-B650C213D01F}.Debug|Any CPU.Build.0 = Debug|Any CPU
		{1C8B6B38-33CE-441F-9722-B650C213D01F}.Release|Any CPU.ActiveCfg = Release|Any CPU
		{1C8B6B38-33CE-441F-9722-B650C213D01F}.Release|Any CPU.Build.0 = Release|Any CPU
		{3B8448BC-0EE4-4C9F-9DBB-5E173DC31759}.Debug|Any CPU.ActiveCfg = Debug|Any CPU
		{3B8448BC-0EE4-4C9F-9DBB-5E173DC31759}.Debug|Any CPU.Build.0 = Debug|Any CPU
		{3B8448BC-0EE4-4C9F-9DBB-5E173DC31759}.Release|Any CPU.ActiveCfg = Release|Any CPU
		{3B8448BC-0EE4-4C9F-9DBB-5E173DC31759}.Release|Any CPU.Build.0 = Release|Any CPU
		{75816A40-5410-4C8A-A511-536A706590A8}.Debug|Any CPU.ActiveCfg = Debug|Any CPU
		{75816A40-5410-4C8A-A511-536A706590A8}.Debug|Any CPU.Build.0 = Debug|Any CPU
		{75816A40-5410-4C8A-A511-536A706590A8}.Release|Any CPU.ActiveCfg = Release|Any CPU
		{75816A40-5410-4C8A-A511-536A706590A8}.Release|Any CPU.Build.0 = Release|Any CPU
		{AEB86964-BD32-4581-9DDE-6211865374C2}.Debug|Any CPU.ActiveCfg = Debug|Any CPU
		{AEB86964-BD32-4581-9DDE-6211865374C2}.Debug|Any CPU.Build.0 = Debug|Any CPU
		{AEB86964-BD32-4581-9DDE-6211865374C2}.Release|Any CPU.ActiveCfg = Release|Any CPU
		{AEB86964-BD32-4581-9DDE-6211865374C2}.Release|Any CPU.Build.0 = Release|Any CPU
		{48454113-AEC9-4E51-9A0B-B46123083879}.Debug|Any CPU.ActiveCfg = Debug|Any CPU
		{48454113-AEC9-4E51-9A0B-B46123083879}.Debug|Any CPU.Build.0 = Debug|Any CPU
		{48454113-AEC9-4E51-9A0B-B46123083879}.Release|Any CPU.ActiveCfg = Release|Any CPU
		{48454113-AEC9-4E51-9A0B-B46123083879}.Release|Any CPU.Build.0 = Release|Any CPU
		{8F432D11-ECD7-4206-9AF6-7164E483C5A9}.Debug|Any CPU.ActiveCfg = Debug|Any CPU
		{8F432D11-ECD7-4206-9AF6-7164E483C5A9}.Debug|Any CPU.Build.0 = Debug|Any CPU
		{8F432D11-ECD7-4206-9AF6-7164E483C5A9}.Release|Any CPU.ActiveCfg = Release|Any CPU
		{8F432D11-ECD7-4206-9AF6-7164E483C5A9}.Release|Any CPU.Build.0 = Release|Any CPU
		{9D398594-2303-4102-973C-EF24BD8E5CC0}.Debug|Any CPU.ActiveCfg = Debug|Any CPU
		{9D398594-2303-4102-973C-EF24BD8E5CC0}.Debug|Any CPU.Build.0 = Debug|Any CPU
		{9D398594-2303-4102-973C-EF24BD8E5CC0}.Release|Any CPU.ActiveCfg = Release|Any CPU
		{9D398594-2303-4102-973C-EF24BD8E5CC0}.Release|Any CPU.Build.0 = Release|Any CPU
	EndGlobalSection
	GlobalSection(SolutionProperties) = preSolution
		HideSolutionNode = FALSE
	EndGlobalSection
EndGlobal
