
Microsoft Visual Studio Solution File, Format Version 12.00
# Visual Studio 15
VisualStudioVersion = 15.0.27004.2006
MinimumVisualStudioVersion = 10.0.40219.1
Project("{FAE04EC0-301F-11D3-BF4B-00C04F79EFBC}") = "CarDealer.Web", "CarDealer.Web\CarDealer.Web.csproj", "{4F4792D8-CD1C-46A0-AA55-944BEFC07B91}"
EndProject
Project("{FAE04EC0-301F-11D3-BF4B-00C04F79EFBC}") = "CarDealer.Data", "CarDealer.Data\CarDealer.Data.csproj", "{30A93DFC-7608-45EF-AF06-B512626E010E}"
EndProject
Project("{FAE04EC0-301F-11D3-BF4B-00C04F79EFBC}") = "CarDealer.Services", "CarDealer.Services\CarDealer.Services.csproj", "{5C70DA2E-DDE4-4A94-989B-919BF6A7BC62}"
EndProject
Global
	GlobalSection(SolutionConfigurationPlatforms) = preSolution
		Debug|Any CPU = Debug|Any CPU
		Release|Any CPU = Release|Any CPU
	EndGlobalSection
	GlobalSection(ProjectConfigurationPlatforms) = postSolution
		{4F4792D8-CD1C-46A0-AA55-944BEFC07B91}.Debug|Any CPU.ActiveCfg = Debug|Any CPU
		{4F4792D8-CD1C-46A0-AA55-944BEFC07B91}.Debug|Any CPU.Build.0 = Debug|Any CPU
		{4F4792D8-CD1C-46A0-AA55-944BEFC07B91}.Release|Any CPU.ActiveCfg = Release|Any CPU
		{4F4792D8-CD1C-46A0-AA55-944BEFC07B91}.Release|Any CPU.Build.0 = Release|Any CPU
		{30A93DFC-7608-45EF-AF06-B512626E010E}.Debug|Any CPU.ActiveCfg = Debug|Any CPU
		{30A93DFC-7608-45EF-AF06-B512626E010E}.Debug|Any CPU.Build.0 = Debug|Any CPU
		{30A93DFC-7608-45EF-AF06-B512626E010E}.Release|Any CPU.ActiveCfg = Release|Any CPU
		{30A93DFC-7608-45EF-AF06-B512626E010E}.Release|Any CPU.Build.0 = Release|Any CPU
		{5C70DA2E-DDE4-4A94-989B-919BF6A7BC62}.Debug|Any CPU.ActiveCfg = Debug|Any CPU
		{5C70DA2E-DDE4-4A94-989B-919BF6A7BC62}.Debug|Any CPU.Build.0 = Debug|Any CPU
		{5C70DA2E-DDE4-4A94-989B-919BF6A7BC62}.Release|Any CPU.ActiveCfg = Release|Any CPU
		{5C70DA2E-DDE4-4A94-989B-919BF6A7BC62}.Release|Any CPU.Build.0 = Release|Any CPU
	EndGlobalSection
	GlobalSection(SolutionProperties) = preSolution
		HideSolutionNode = FALSE
	EndGlobalSection
	GlobalSection(ExtensibilityGlobals) = postSolution
		SolutionGuid = {79768C57-93BD-4DD1-AF46-75320915A0A6}
	EndGlobalSection
EndGlobal
