
Microsoft Visual Studio Solution File, Format Version 12.00
# Visual Studio 14
VisualStudioVersion = 14.0.25420.1
MinimumVisualStudioVersion = 10.0.40219.1
Project("{FAE04EC0-301F-11D3-BF4B-00C04F79EFBC}") = "_001", "_001\_001.csproj", "{3971718E-DF4E-4CC9-A2DB-EEFB34254787}"
EndProject
Project("{FAE04EC0-301F-11D3-BF4B-00C04F79EFBC}") = "_002", "_002\_002.csproj", "{31CB1A2C-6FA5-4901-8014-97C52FA974C1}"
EndProject
Global
	GlobalSection(SolutionConfigurationPlatforms) = preSolution
		Debug|Any CPU = Debug|Any CPU
		Release|Any CPU = Release|Any CPU
	EndGlobalSection
	GlobalSection(ProjectConfigurationPlatforms) = postSolution
		{3971718E-DF4E-4CC9-A2DB-EEFB34254787}.Debug|Any CPU.ActiveCfg = Debug|Any CPU
		{3971718E-DF4E-4CC9-A2DB-EEFB34254787}.Debug|Any CPU.Build.0 = Debug|Any CPU
		{3971718E-DF4E-4CC9-A2DB-EEFB34254787}.Release|Any CPU.ActiveCfg = Release|Any CPU
		{3971718E-DF4E-4CC9-A2DB-EEFB34254787}.Release|Any CPU.Build.0 = Release|Any CPU
		{31CB1A2C-6FA5-4901-8014-97C52FA974C1}.Debug|Any CPU.ActiveCfg = Debug|Any CPU
		{31CB1A2C-6FA5-4901-8014-97C52FA974C1}.Debug|Any CPU.Build.0 = Debug|Any CPU
		{31CB1A2C-6FA5-4901-8014-97C52FA974C1}.Release|Any CPU.ActiveCfg = Release|Any CPU
		{31CB1A2C-6FA5-4901-8014-97C52FA974C1}.Release|Any CPU.Build.0 = Release|Any CPU
	EndGlobalSection
	GlobalSection(SolutionProperties) = preSolution
		HideSolutionNode = FALSE
	EndGlobalSection
EndGlobal
