
Microsoft Visual Studio Solution File, Format Version 12.00
# Visual Studio 15
VisualStudioVersion = 15.0.26730.16
MinimumVisualStudioVersion = 10.0.40219.1
Project("{FAE04EC0-301F-11D3-BF4B-00C04F79EFBC}") = "_001", "_001\_001.csproj", "{128AF85C-2F2C-4180-8BF6-B4A52312FC2F}"
EndProject
Project("{FAE04EC0-301F-11D3-BF4B-00C04F79EFBC}") = "_002", "_002\_002.csproj", "{4133CCD7-63D3-43AC-9736-0FC51E227561}"
EndProject
Project("{FAE04EC0-301F-11D3-BF4B-00C04F79EFBC}") = "_003", "_003\_003.csproj", "{06776B38-C72F-4C0C-B137-22CD453DB2BC}"
EndProject
Global
	GlobalSection(SolutionConfigurationPlatforms) = preSolution
		Debug|Any CPU = Debug|Any CPU
		Release|Any CPU = Release|Any CPU
	EndGlobalSection
	GlobalSection(ProjectConfigurationPlatforms) = postSolution
		{128AF85C-2F2C-4180-8BF6-B4A52312FC2F}.Debug|Any CPU.ActiveCfg = Debug|Any CPU
		{128AF85C-2F2C-4180-8BF6-B4A52312FC2F}.Debug|Any CPU.Build.0 = Debug|Any CPU
		{128AF85C-2F2C-4180-8BF6-B4A52312FC2F}.Release|Any CPU.ActiveCfg = Release|Any CPU
		{128AF85C-2F2C-4180-8BF6-B4A52312FC2F}.Release|Any CPU.Build.0 = Release|Any CPU
		{4133CCD7-63D3-43AC-9736-0FC51E227561}.Debug|Any CPU.ActiveCfg = Debug|Any CPU
		{4133CCD7-63D3-43AC-9736-0FC51E227561}.Debug|Any CPU.Build.0 = Debug|Any CPU
		{4133CCD7-63D3-43AC-9736-0FC51E227561}.Release|Any CPU.ActiveCfg = Release|Any CPU
		{4133CCD7-63D3-43AC-9736-0FC51E227561}.Release|Any CPU.Build.0 = Release|Any CPU
		{06776B38-C72F-4C0C-B137-22CD453DB2BC}.Debug|Any CPU.ActiveCfg = Debug|Any CPU
		{06776B38-C72F-4C0C-B137-22CD453DB2BC}.Debug|Any CPU.Build.0 = Debug|Any CPU
		{06776B38-C72F-4C0C-B137-22CD453DB2BC}.Release|Any CPU.ActiveCfg = Release|Any CPU
		{06776B38-C72F-4C0C-B137-22CD453DB2BC}.Release|Any CPU.Build.0 = Release|Any CPU
	EndGlobalSection
	GlobalSection(SolutionProperties) = preSolution
		HideSolutionNode = FALSE
	EndGlobalSection
	GlobalSection(ExtensibilityGlobals) = postSolution
		SolutionGuid = {E9DBBCCE-EAAB-4E33-AC30-499868C07CA3}
	EndGlobalSection
EndGlobal
