
Microsoft Visual Studio Solution File, Format Version 12.00
# Visual Studio 15
VisualStudioVersion = 15.0.26430.6
MinimumVisualStudioVersion = 10.0.40219.1
Project("{FAE04EC0-301F-11D3-BF4B-00C04F79EFBC}") = "_001", "_001\_001.csproj", "{E605726E-54B5-43E1-8C37-438D4B212AD1}"
EndProject
Project("{FAE04EC0-301F-11D3-BF4B-00C04F79EFBC}") = "_002", "_002\_002.csproj", "{87F47AEC-6A3F-46B3-93B7-A8108D2C16E1}"
EndProject
Project("{FAE04EC0-301F-11D3-BF4B-00C04F79EFBC}") = "_003", "_003\_003.csproj", "{72D76C3A-407F-4E7F-8553-56E9F93E9468}"
EndProject
Project("{FAE04EC0-301F-11D3-BF4B-00C04F79EFBC}") = "_004", "_004\_004.csproj", "{DBF0FC67-9E95-49C1-86CE-B8FA33D464B8}"
EndProject
Project("{FAE04EC0-301F-11D3-BF4B-00C04F79EFBC}") = "_005", "_005\_005.csproj", "{752B24AE-F7A0-436A-B59C-4D4B377BFBC7}"
EndProject
Project("{FAE04EC0-301F-11D3-BF4B-00C04F79EFBC}") = "_006", "_006\_006.csproj", "{129C95A5-402F-4F0E-8590-2040C34C34EA}"
EndProject
Project("{FAE04EC0-301F-11D3-BF4B-00C04F79EFBC}") = "_007", "_007\_007.csproj", "{9A7EB7F9-AE4C-4BD6-81BB-20B3D5B0BB8D}"
EndProject
Project("{FAE04EC0-301F-11D3-BF4B-00C04F79EFBC}") = "_008", "_008\_008.csproj", "{3B5D98F3-E921-4B91-9EA6-7B5F096006E9}"
EndProject
Project("{FAE04EC0-301F-11D3-BF4B-00C04F79EFBC}") = "_009", "_009\_009.csproj", "{8B361D0E-4310-4A00-9886-20D8827BC2F6}"
EndProject
Project("{FAE04EC0-301F-11D3-BF4B-00C04F79EFBC}") = "_010", "_010\_010.csproj", "{120DAD0F-0B52-4F59-909E-18916A174166}"
EndProject
Project("{FAE04EC0-301F-11D3-BF4B-00C04F79EFBC}") = "_011", "_011\_011.csproj", "{96CBA3D0-4BF2-4DCD-BE6E-236610A883FE}"
EndProject
Project("{FAE04EC0-301F-11D3-BF4B-00C04F79EFBC}") = "_012", "_012\_012.csproj", "{431BBF2E-D4B2-4085-B0E1-07BF53629C31}"
EndProject
Project("{FAE04EC0-301F-11D3-BF4B-00C04F79EFBC}") = "_013", "_013\_013.csproj", "{7D697F6B-38B2-4D5B-8A96-98DF2026450D}"
EndProject
Project("{FAE04EC0-301F-11D3-BF4B-00C04F79EFBC}") = "_014", "_014\_014.csproj", "{E6985257-61F6-4CA5-8FF5-1F9BE14C28BE}"
EndProject
Global
	GlobalSection(SolutionConfigurationPlatforms) = preSolution
		Debug|Any CPU = Debug|Any CPU
		Release|Any CPU = Release|Any CPU
	EndGlobalSection
	GlobalSection(ProjectConfigurationPlatforms) = postSolution
		{E605726E-54B5-43E1-8C37-438D4B212AD1}.Debug|Any CPU.ActiveCfg = Debug|Any CPU
		{E605726E-54B5-43E1-8C37-438D4B212AD1}.Debug|Any CPU.Build.0 = Debug|Any CPU
		{E605726E-54B5-43E1-8C37-438D4B212AD1}.Release|Any CPU.ActiveCfg = Release|Any CPU
		{E605726E-54B5-43E1-8C37-438D4B212AD1}.Release|Any CPU.Build.0 = Release|Any CPU
		{87F47AEC-6A3F-46B3-93B7-A8108D2C16E1}.Debug|Any CPU.ActiveCfg = Debug|Any CPU
		{87F47AEC-6A3F-46B3-93B7-A8108D2C16E1}.Debug|Any CPU.Build.0 = Debug|Any CPU
		{87F47AEC-6A3F-46B3-93B7-A8108D2C16E1}.Release|Any CPU.ActiveCfg = Release|Any CPU
		{87F47AEC-6A3F-46B3-93B7-A8108D2C16E1}.Release|Any CPU.Build.0 = Release|Any CPU
		{72D76C3A-407F-4E7F-8553-56E9F93E9468}.Debug|Any CPU.ActiveCfg = Debug|Any CPU
		{72D76C3A-407F-4E7F-8553-56E9F93E9468}.Debug|Any CPU.Build.0 = Debug|Any CPU
		{72D76C3A-407F-4E7F-8553-56E9F93E9468}.Release|Any CPU.ActiveCfg = Release|Any CPU
		{72D76C3A-407F-4E7F-8553-56E9F93E9468}.Release|Any CPU.Build.0 = Release|Any CPU
		{DBF0FC67-9E95-49C1-86CE-B8FA33D464B8}.Debug|Any CPU.ActiveCfg = Debug|Any CPU
		{DBF0FC67-9E95-49C1-86CE-B8FA33D464B8}.Debug|Any CPU.Build.0 = Debug|Any CPU
		{DBF0FC67-9E95-49C1-86CE-B8FA33D464B8}.Release|Any CPU.ActiveCfg = Release|Any CPU
		{DBF0FC67-9E95-49C1-86CE-B8FA33D464B8}.Release|Any CPU.Build.0 = Release|Any CPU
		{752B24AE-F7A0-436A-B59C-4D4B377BFBC7}.Debug|Any CPU.ActiveCfg = Debug|Any CPU
		{752B24AE-F7A0-436A-B59C-4D4B377BFBC7}.Debug|Any CPU.Build.0 = Debug|Any CPU
		{752B24AE-F7A0-436A-B59C-4D4B377BFBC7}.Release|Any CPU.ActiveCfg = Release|Any CPU
		{752B24AE-F7A0-436A-B59C-4D4B377BFBC7}.Release|Any CPU.Build.0 = Release|Any CPU
		{129C95A5-402F-4F0E-8590-2040C34C34EA}.Debug|Any CPU.ActiveCfg = Debug|Any CPU
		{129C95A5-402F-4F0E-8590-2040C34C34EA}.Debug|Any CPU.Build.0 = Debug|Any CPU
		{129C95A5-402F-4F0E-8590-2040C34C34EA}.Release|Any CPU.ActiveCfg = Release|Any CPU
		{129C95A5-402F-4F0E-8590-2040C34C34EA}.Release|Any CPU.Build.0 = Release|Any CPU
		{9A7EB7F9-AE4C-4BD6-81BB-20B3D5B0BB8D}.Debug|Any CPU.ActiveCfg = Debug|Any CPU
		{9A7EB7F9-AE4C-4BD6-81BB-20B3D5B0BB8D}.Debug|Any CPU.Build.0 = Debug|Any CPU
		{9A7EB7F9-AE4C-4BD6-81BB-20B3D5B0BB8D}.Release|Any CPU.ActiveCfg = Release|Any CPU
		{9A7EB7F9-AE4C-4BD6-81BB-20B3D5B0BB8D}.Release|Any CPU.Build.0 = Release|Any CPU
		{3B5D98F3-E921-4B91-9EA6-7B5F096006E9}.Debug|Any CPU.ActiveCfg = Debug|Any CPU
		{3B5D98F3-E921-4B91-9EA6-7B5F096006E9}.Debug|Any CPU.Build.0 = Debug|Any CPU
		{3B5D98F3-E921-4B91-9EA6-7B5F096006E9}.Release|Any CPU.ActiveCfg = Release|Any CPU
		{3B5D98F3-E921-4B91-9EA6-7B5F096006E9}.Release|Any CPU.Build.0 = Release|Any CPU
		{8B361D0E-4310-4A00-9886-20D8827BC2F6}.Debug|Any CPU.ActiveCfg = Debug|Any CPU
		{8B361D0E-4310-4A00-9886-20D8827BC2F6}.Debug|Any CPU.Build.0 = Debug|Any CPU
		{8B361D0E-4310-4A00-9886-20D8827BC2F6}.Release|Any CPU.ActiveCfg = Release|Any CPU
		{8B361D0E-4310-4A00-9886-20D8827BC2F6}.Release|Any CPU.Build.0 = Release|Any CPU
		{120DAD0F-0B52-4F59-909E-18916A174166}.Debug|Any CPU.ActiveCfg = Debug|Any CPU
		{120DAD0F-0B52-4F59-909E-18916A174166}.Debug|Any CPU.Build.0 = Debug|Any CPU
		{120DAD0F-0B52-4F59-909E-18916A174166}.Release|Any CPU.ActiveCfg = Release|Any CPU
		{120DAD0F-0B52-4F59-909E-18916A174166}.Release|Any CPU.Build.0 = Release|Any CPU
		{96CBA3D0-4BF2-4DCD-BE6E-236610A883FE}.Debug|Any CPU.ActiveCfg = Debug|Any CPU
		{96CBA3D0-4BF2-4DCD-BE6E-236610A883FE}.Debug|Any CPU.Build.0 = Debug|Any CPU
		{96CBA3D0-4BF2-4DCD-BE6E-236610A883FE}.Release|Any CPU.ActiveCfg = Release|Any CPU
		{96CBA3D0-4BF2-4DCD-BE6E-236610A883FE}.Release|Any CPU.Build.0 = Release|Any CPU
		{431BBF2E-D4B2-4085-B0E1-07BF53629C31}.Debug|Any CPU.ActiveCfg = Debug|Any CPU
		{431BBF2E-D4B2-4085-B0E1-07BF53629C31}.Debug|Any CPU.Build.0 = Debug|Any CPU
		{431BBF2E-D4B2-4085-B0E1-07BF53629C31}.Release|Any CPU.ActiveCfg = Release|Any CPU
		{431BBF2E-D4B2-4085-B0E1-07BF53629C31}.Release|Any CPU.Build.0 = Release|Any CPU
		{7D697F6B-38B2-4D5B-8A96-98DF2026450D}.Debug|Any CPU.ActiveCfg = Debug|Any CPU
		{7D697F6B-38B2-4D5B-8A96-98DF2026450D}.Debug|Any CPU.Build.0 = Debug|Any CPU
		{7D697F6B-38B2-4D5B-8A96-98DF2026450D}.Release|Any CPU.ActiveCfg = Release|Any CPU
		{7D697F6B-38B2-4D5B-8A96-98DF2026450D}.Release|Any CPU.Build.0 = Release|Any CPU
		{E6985257-61F6-4CA5-8FF5-1F9BE14C28BE}.Debug|Any CPU.ActiveCfg = Debug|Any CPU
		{E6985257-61F6-4CA5-8FF5-1F9BE14C28BE}.Debug|Any CPU.Build.0 = Debug|Any CPU
		{E6985257-61F6-4CA5-8FF5-1F9BE14C28BE}.Release|Any CPU.ActiveCfg = Release|Any CPU
		{E6985257-61F6-4CA5-8FF5-1F9BE14C28BE}.Release|Any CPU.Build.0 = Release|Any CPU
	EndGlobalSection
	GlobalSection(SolutionProperties) = preSolution
		HideSolutionNode = FALSE
	EndGlobalSection
EndGlobal
