
Microsoft Visual Studio Solution File, Format Version 12.00
# Visual Studio 14
VisualStudioVersion = 14.0.25420.1
MinimumVisualStudioVersion = 10.0.40219.1
Project("{FAE04EC0-301F-11D3-BF4B-00C04F79EFBC}") = "Store", "Store\Store.csproj", "{736D88E8-0873-494F-8701-421979E040A5}"
EndProject
Project("{FAE04EC0-301F-11D3-BF4B-00C04F79EFBC}") = "Sale", "Sale\Sale.csproj", "{3A09F608-4D7E-471E-A0D8-C745B6B3E0AB}"
EndProject
Global
	GlobalSection(SolutionConfigurationPlatforms) = preSolution
		Debug|Any CPU = Debug|Any CPU
		Release|Any CPU = Release|Any CPU
	EndGlobalSection
	GlobalSection(ProjectConfigurationPlatforms) = postSolution
		{736D88E8-0873-494F-8701-421979E040A5}.Debug|Any CPU.ActiveCfg = Debug|Any CPU
		{736D88E8-0873-494F-8701-421979E040A5}.Debug|Any CPU.Build.0 = Debug|Any CPU
		{736D88E8-0873-494F-8701-421979E040A5}.Release|Any CPU.ActiveCfg = Release|Any CPU
		{736D88E8-0873-494F-8701-421979E040A5}.Release|Any CPU.Build.0 = Release|Any CPU
		{3A09F608-4D7E-471E-A0D8-C745B6B3E0AB}.Debug|Any CPU.ActiveCfg = Debug|Any CPU
		{3A09F608-4D7E-471E-A0D8-C745B6B3E0AB}.Debug|Any CPU.Build.0 = Debug|Any CPU
		{3A09F608-4D7E-471E-A0D8-C745B6B3E0AB}.Release|Any CPU.ActiveCfg = Release|Any CPU
		{3A09F608-4D7E-471E-A0D8-C745B6B3E0AB}.Release|Any CPU.Build.0 = Release|Any CPU
	EndGlobalSection
	GlobalSection(SolutionProperties) = preSolution
		HideSolutionNode = FALSE
	EndGlobalSection
EndGlobal
