
Microsoft Visual Studio Solution File, Format Version 12.00
# Visual Studio 15
VisualStudioVersion = 15.0.26430.12
MinimumVisualStudioVersion = 10.0.40219.1
Project("{FAE04EC0-301F-11D3-BF4B-00C04F79EFBC}") = "_001", "_001\_001.csproj", "{21B939ED-674A-4F64-938F-4B87E800FEC3}"
EndProject
Project("{FAE04EC0-301F-11D3-BF4B-00C04F79EFBC}") = "_002", "_002\_002.csproj", "{AA91C776-7F78-4DF2-A48C-8C374B5F2466}"
EndProject
Project("{FAE04EC0-301F-11D3-BF4B-00C04F79EFBC}") = "_003", "_003\_003.csproj", "{389CD58C-FBA7-414A-BE20-1BE628FFD659}"
EndProject
Project("{FAE04EC0-301F-11D3-BF4B-00C04F79EFBC}") = "_004", "_004\_004.csproj", "{739BA33D-676A-416B-86C6-7CAD9711A53D}"
EndProject
Project("{FAE04EC0-301F-11D3-BF4B-00C04F79EFBC}") = "_005", "_005\_005.csproj", "{C1C44C67-A427-43F7-AD7B-2EBFAD375340}"
EndProject
Project("{FAE04EC0-301F-11D3-BF4B-00C04F79EFBC}") = "_006", "_006\_006.csproj", "{9842FD6E-BCA1-4D0B-AE60-09F026C1330B}"
EndProject
Project("{FAE04EC0-301F-11D3-BF4B-00C04F79EFBC}") = "_007", "_007\_007.csproj", "{FBA13215-5A86-420D-BDC0-BDA832459F5B}"
EndProject
Project("{FAE04EC0-301F-11D3-BF4B-00C04F79EFBC}") = "_008", "_008\_008.csproj", "{245D4AAE-2449-4464-A050-8C1A6B2EAA6C}"
EndProject
Project("{FAE04EC0-301F-11D3-BF4B-00C04F79EFBC}") = "_009", "_009\_009.csproj", "{80ABEAEA-874C-4295-8540-2003E2BCD82C}"
EndProject
Project("{FAE04EC0-301F-11D3-BF4B-00C04F79EFBC}") = "_010", "_010\_010.csproj", "{66433083-D2CA-44D1-BDC2-41C6739F816E}"
EndProject
Project("{FAE04EC0-301F-11D3-BF4B-00C04F79EFBC}") = "_011", "_011\_011.csproj", "{E2746ABA-AB9C-450E-8228-61351E2E0473}"
EndProject
Project("{FAE04EC0-301F-11D3-BF4B-00C04F79EFBC}") = "_012", "_012\_012.csproj", "{A890F030-C5E5-4F69-9DF8-AF8D02CEDE19}"
EndProject
Project("{FAE04EC0-301F-11D3-BF4B-00C04F79EFBC}") = "_013", "_013\_013.csproj", "{D8CB0082-AF05-4F74-9191-A2D8A932F83A}"
EndProject
Global
	GlobalSection(SolutionConfigurationPlatforms) = preSolution
		Debug|Any CPU = Debug|Any CPU
		Release|Any CPU = Release|Any CPU
	EndGlobalSection
	GlobalSection(ProjectConfigurationPlatforms) = postSolution
		{21B939ED-674A-4F64-938F-4B87E800FEC3}.Debug|Any CPU.ActiveCfg = Debug|Any CPU
		{21B939ED-674A-4F64-938F-4B87E800FEC3}.Debug|Any CPU.Build.0 = Debug|Any CPU
		{21B939ED-674A-4F64-938F-4B87E800FEC3}.Release|Any CPU.ActiveCfg = Release|Any CPU
		{21B939ED-674A-4F64-938F-4B87E800FEC3}.Release|Any CPU.Build.0 = Release|Any CPU
		{AA91C776-7F78-4DF2-A48C-8C374B5F2466}.Debug|Any CPU.ActiveCfg = Debug|Any CPU
		{AA91C776-7F78-4DF2-A48C-8C374B5F2466}.Debug|Any CPU.Build.0 = Debug|Any CPU
		{AA91C776-7F78-4DF2-A48C-8C374B5F2466}.Release|Any CPU.ActiveCfg = Release|Any CPU
		{AA91C776-7F78-4DF2-A48C-8C374B5F2466}.Release|Any CPU.Build.0 = Release|Any CPU
		{389CD58C-FBA7-414A-BE20-1BE628FFD659}.Debug|Any CPU.ActiveCfg = Debug|Any CPU
		{389CD58C-FBA7-414A-BE20-1BE628FFD659}.Debug|Any CPU.Build.0 = Debug|Any CPU
		{389CD58C-FBA7-414A-BE20-1BE628FFD659}.Release|Any CPU.ActiveCfg = Release|Any CPU
		{389CD58C-FBA7-414A-BE20-1BE628FFD659}.Release|Any CPU.Build.0 = Release|Any CPU
		{739BA33D-676A-416B-86C6-7CAD9711A53D}.Debug|Any CPU.ActiveCfg = Debug|Any CPU
		{739BA33D-676A-416B-86C6-7CAD9711A53D}.Debug|Any CPU.Build.0 = Debug|Any CPU
		{739BA33D-676A-416B-86C6-7CAD9711A53D}.Release|Any CPU.ActiveCfg = Release|Any CPU
		{739BA33D-676A-416B-86C6-7CAD9711A53D}.Release|Any CPU.Build.0 = Release|Any CPU
		{C1C44C67-A427-43F7-AD7B-2EBFAD375340}.Debug|Any CPU.ActiveCfg = Debug|Any CPU
		{C1C44C67-A427-43F7-AD7B-2EBFAD375340}.Debug|Any CPU.Build.0 = Debug|Any CPU
		{C1C44C67-A427-43F7-AD7B-2EBFAD375340}.Release|Any CPU.ActiveCfg = Release|Any CPU
		{C1C44C67-A427-43F7-AD7B-2EBFAD375340}.Release|Any CPU.Build.0 = Release|Any CPU
		{9842FD6E-BCA1-4D0B-AE60-09F026C1330B}.Debug|Any CPU.ActiveCfg = Debug|Any CPU
		{9842FD6E-BCA1-4D0B-AE60-09F026C1330B}.Debug|Any CPU.Build.0 = Debug|Any CPU
		{9842FD6E-BCA1-4D0B-AE60-09F026C1330B}.Release|Any CPU.ActiveCfg = Release|Any CPU
		{9842FD6E-BCA1-4D0B-AE60-09F026C1330B}.Release|Any CPU.Build.0 = Release|Any CPU
		{FBA13215-5A86-420D-BDC0-BDA832459F5B}.Debug|Any CPU.ActiveCfg = Debug|Any CPU
		{FBA13215-5A86-420D-BDC0-BDA832459F5B}.Debug|Any CPU.Build.0 = Debug|Any CPU
		{FBA13215-5A86-420D-BDC0-BDA832459F5B}.Release|Any CPU.ActiveCfg = Release|Any CPU
		{FBA13215-5A86-420D-BDC0-BDA832459F5B}.Release|Any CPU.Build.0 = Release|Any CPU
		{245D4AAE-2449-4464-A050-8C1A6B2EAA6C}.Debug|Any CPU.ActiveCfg = Debug|Any CPU
		{245D4AAE-2449-4464-A050-8C1A6B2EAA6C}.Debug|Any CPU.Build.0 = Debug|Any CPU
		{245D4AAE-2449-4464-A050-8C1A6B2EAA6C}.Release|Any CPU.ActiveCfg = Release|Any CPU
		{245D4AAE-2449-4464-A050-8C1A6B2EAA6C}.Release|Any CPU.Build.0 = Release|Any CPU
		{80ABEAEA-874C-4295-8540-2003E2BCD82C}.Debug|Any CPU.ActiveCfg = Debug|Any CPU
		{80ABEAEA-874C-4295-8540-2003E2BCD82C}.Debug|Any CPU.Build.0 = Debug|Any CPU
		{80ABEAEA-874C-4295-8540-2003E2BCD82C}.Release|Any CPU.ActiveCfg = Release|Any CPU
		{80ABEAEA-874C-4295-8540-2003E2BCD82C}.Release|Any CPU.Build.0 = Release|Any CPU
		{66433083-D2CA-44D1-BDC2-41C6739F816E}.Debug|Any CPU.ActiveCfg = Debug|Any CPU
		{66433083-D2CA-44D1-BDC2-41C6739F816E}.Debug|Any CPU.Build.0 = Debug|Any CPU
		{66433083-D2CA-44D1-BDC2-41C6739F816E}.Release|Any CPU.ActiveCfg = Release|Any CPU
		{66433083-D2CA-44D1-BDC2-41C6739F816E}.Release|Any CPU.Build.0 = Release|Any CPU
		{E2746ABA-AB9C-450E-8228-61351E2E0473}.Debug|Any CPU.ActiveCfg = Debug|Any CPU
		{E2746ABA-AB9C-450E-8228-61351E2E0473}.Debug|Any CPU.Build.0 = Debug|Any CPU
		{E2746ABA-AB9C-450E-8228-61351E2E0473}.Release|Any CPU.ActiveCfg = Release|Any CPU
		{E2746ABA-AB9C-450E-8228-61351E2E0473}.Release|Any CPU.Build.0 = Release|Any CPU
		{A890F030-C5E5-4F69-9DF8-AF8D02CEDE19}.Debug|Any CPU.ActiveCfg = Debug|Any CPU
		{A890F030-C5E5-4F69-9DF8-AF8D02CEDE19}.Debug|Any CPU.Build.0 = Debug|Any CPU
		{A890F030-C5E5-4F69-9DF8-AF8D02CEDE19}.Release|Any CPU.ActiveCfg = Release|Any CPU
		{A890F030-C5E5-4F69-9DF8-AF8D02CEDE19}.Release|Any CPU.Build.0 = Release|Any CPU
		{D8CB0082-AF05-4F74-9191-A2D8A932F83A}.Debug|Any CPU.ActiveCfg = Debug|Any CPU
		{D8CB0082-AF05-4F74-9191-A2D8A932F83A}.Debug|Any CPU.Build.0 = Debug|Any CPU
		{D8CB0082-AF05-4F74-9191-A2D8A932F83A}.Release|Any CPU.ActiveCfg = Release|Any CPU
		{D8CB0082-AF05-4F74-9191-A2D8A932F83A}.Release|Any CPU.Build.0 = Release|Any CPU
	EndGlobalSection
	GlobalSection(SolutionProperties) = preSolution
		HideSolutionNode = FALSE
	EndGlobalSection
EndGlobal
