
Microsoft Visual Studio Solution File, Format Version 12.00
# Visual Studio 15
VisualStudioVersion = 15.0.26730.15
MinimumVisualStudioVersion = 10.0.40219.1
Project("{FAE04EC0-301F-11D3-BF4B-00C04F79EFBC}") = "_001", "_001\_001.csproj", "{84890CDB-62B7-408F-9B09-538F09C503C0}"
EndProject
Project("{FAE04EC0-301F-11D3-BF4B-00C04F79EFBC}") = "_002", "_002\_002.csproj", "{BB65CB7E-D48A-4519-BBD2-362F707011C0}"
EndProject
Global
	GlobalSection(SolutionConfigurationPlatforms) = preSolution
		Debug|Any CPU = Debug|Any CPU
		Release|Any CPU = Release|Any CPU
	EndGlobalSection
	GlobalSection(ProjectConfigurationPlatforms) = postSolution
		{84890CDB-62B7-408F-9B09-538F09C503C0}.Debug|Any CPU.ActiveCfg = Debug|Any CPU
		{84890CDB-62B7-408F-9B09-538F09C503C0}.Debug|Any CPU.Build.0 = Debug|Any CPU
		{84890CDB-62B7-408F-9B09-538F09C503C0}.Release|Any CPU.ActiveCfg = Release|Any CPU
		{84890CDB-62B7-408F-9B09-538F09C503C0}.Release|Any CPU.Build.0 = Release|Any CPU
		{BB65CB7E-D48A-4519-BBD2-362F707011C0}.Debug|Any CPU.ActiveCfg = Debug|Any CPU
		{BB65CB7E-D48A-4519-BBD2-362F707011C0}.Debug|Any CPU.Build.0 = Debug|Any CPU
		{BB65CB7E-D48A-4519-BBD2-362F707011C0}.Release|Any CPU.ActiveCfg = Release|Any CPU
		{BB65CB7E-D48A-4519-BBD2-362F707011C0}.Release|Any CPU.Build.0 = Release|Any CPU
	EndGlobalSection
	GlobalSection(SolutionProperties) = preSolution
		HideSolutionNode = FALSE
	EndGlobalSection
	GlobalSection(ExtensibilityGlobals) = postSolution
		SolutionGuid = {1078C9A5-D2C1-4FC1-A724-42D80CF0CC39}
	EndGlobalSection
EndGlobal
