
Microsoft Visual Studio Solution File, Format Version 12.00
# Visual Studio 15
VisualStudioVersion = 15.0.26730.16
MinimumVisualStudioVersion = 10.0.40219.1
Project("{9A19103F-16F7-4668-BE54-9A1E7A4F7556}") = "_001", "_001\_001.csproj", "{84890CDB-62B7-408F-9B09-538F09C503C0}"
EndProject
Project("{9A19103F-16F7-4668-BE54-9A1E7A4F7556}") = "_002", "_002\_002.csproj", "{BB65CB7E-D48A-4519-BBD2-362F707011C0}"
EndProject
Project("{9A19103F-16F7-4668-BE54-9A1E7A4F7556}") = "_003", "_003\_003.csproj", "{CC70252F-EDF4-4B1F-8C2D-7342415E1964}"
EndProject
Project("{9A19103F-16F7-4668-BE54-9A1E7A4F7556}") = "_004", "_004\_004.csproj", "{487A786B-8025-4152-B246-2A7F62F73A6E}"
EndProject
Project("{9A19103F-16F7-4668-BE54-9A1E7A4F7556}") = "_010", "_010\_010.csproj", "{44EA12EE-A775-4D4A-B8B1-0621D45E2324}"
EndProject
Project("{9A19103F-16F7-4668-BE54-9A1E7A4F7556}") = "_011", "_011\_011.csproj", "{A2C736C0-27F8-4160-A559-083E7BE05B10}"
EndProject
Project("{FAE04EC0-301F-11D3-BF4B-00C04F79EFBC}") = "_005", "_005\_005.csproj", "{C317D1B1-D5C6-4368-A814-6FC9A34A0D71}"
EndProject
Project("{FAE04EC0-301F-11D3-BF4B-00C04F79EFBC}") = "_006", "_006\_006.csproj", "{08629988-1EBB-4647-BC40-65A8D0012315}"
EndProject
Project("{FAE04EC0-301F-11D3-BF4B-00C04F79EFBC}") = "_007", "_007\_007.csproj", "{DD8B76B0-FD0A-4C70-B0C9-A378188BB598}"
EndProject
Global
	GlobalSection(SolutionConfigurationPlatforms) = preSolution
		Debug|Any CPU = Debug|Any CPU
		Release|Any CPU = Release|Any CPU
	EndGlobalSection
	GlobalSection(ProjectConfigurationPlatforms) = postSolution
		{84890CDB-62B7-408F-9B09-538F09C503C0}.Debug|Any CPU.ActiveCfg = Debug|Any CPU
		{84890CDB-62B7-408F-9B09-538F09C503C0}.Debug|Any CPU.Build.0 = Debug|Any CPU
		{84890CDB-62B7-408F-9B09-538F09C503C0}.Release|Any CPU.ActiveCfg = Release|Any CPU
		{84890CDB-62B7-408F-9B09-538F09C503C0}.Release|Any CPU.Build.0 = Release|Any CPU
		{BB65CB7E-D48A-4519-BBD2-362F707011C0}.Debug|Any CPU.ActiveCfg = Debug|Any CPU
		{BB65CB7E-D48A-4519-BBD2-362F707011C0}.Debug|Any CPU.Build.0 = Debug|Any CPU
		{BB65CB7E-D48A-4519-BBD2-362F707011C0}.Release|Any CPU.ActiveCfg = Release|Any CPU
		{BB65CB7E-D48A-4519-BBD2-362F707011C0}.Release|Any CPU.Build.0 = Release|Any CPU
		{CC70252F-EDF4-4B1F-8C2D-7342415E1964}.Debug|Any CPU.ActiveCfg = Debug|Any CPU
		{CC70252F-EDF4-4B1F-8C2D-7342415E1964}.Debug|Any CPU.Build.0 = Debug|Any CPU
		{CC70252F-EDF4-4B1F-8C2D-7342415E1964}.Release|Any CPU.ActiveCfg = Release|Any CPU
		{CC70252F-EDF4-4B1F-8C2D-7342415E1964}.Release|Any CPU.Build.0 = Release|Any CPU
		{487A786B-8025-4152-B246-2A7F62F73A6E}.Debug|Any CPU.ActiveCfg = Debug|Any CPU
		{487A786B-8025-4152-B246-2A7F62F73A6E}.Debug|Any CPU.Build.0 = Debug|Any CPU
		{487A786B-8025-4152-B246-2A7F62F73A6E}.Release|Any CPU.ActiveCfg = Release|Any CPU
		{487A786B-8025-4152-B246-2A7F62F73A6E}.Release|Any CPU.Build.0 = Release|Any CPU
		{44EA12EE-A775-4D4A-B8B1-0621D45E2324}.Debug|Any CPU.ActiveCfg = Debug|Any CPU
		{44EA12EE-A775-4D4A-B8B1-0621D45E2324}.Debug|Any CPU.Build.0 = Debug|Any CPU
		{44EA12EE-A775-4D4A-B8B1-0621D45E2324}.Release|Any CPU.ActiveCfg = Release|Any CPU
		{44EA12EE-A775-4D4A-B8B1-0621D45E2324}.Release|Any CPU.Build.0 = Release|Any CPU
		{A2C736C0-27F8-4160-A559-083E7BE05B10}.Debug|Any CPU.ActiveCfg = Debug|Any CPU
		{A2C736C0-27F8-4160-A559-083E7BE05B10}.Debug|Any CPU.Build.0 = Debug|Any CPU
		{A2C736C0-27F8-4160-A559-083E7BE05B10}.Release|Any CPU.ActiveCfg = Release|Any CPU
		{A2C736C0-27F8-4160-A559-083E7BE05B10}.Release|Any CPU.Build.0 = Release|Any CPU
		{C317D1B1-D5C6-4368-A814-6FC9A34A0D71}.Debug|Any CPU.ActiveCfg = Debug|Any CPU
		{C317D1B1-D5C6-4368-A814-6FC9A34A0D71}.Debug|Any CPU.Build.0 = Debug|Any CPU
		{C317D1B1-D5C6-4368-A814-6FC9A34A0D71}.Release|Any CPU.ActiveCfg = Release|Any CPU
		{C317D1B1-D5C6-4368-A814-6FC9A34A0D71}.Release|Any CPU.Build.0 = Release|Any CPU
		{08629988-1EBB-4647-BC40-65A8D0012315}.Debug|Any CPU.ActiveCfg = Debug|Any CPU
		{08629988-1EBB-4647-BC40-65A8D0012315}.Debug|Any CPU.Build.0 = Debug|Any CPU
		{08629988-1EBB-4647-BC40-65A8D0012315}.Release|Any CPU.ActiveCfg = Release|Any CPU
		{08629988-1EBB-4647-BC40-65A8D0012315}.Release|Any CPU.Build.0 = Release|Any CPU
		{DD8B76B0-FD0A-4C70-B0C9-A378188BB598}.Debug|Any CPU.ActiveCfg = Debug|Any CPU
		{DD8B76B0-FD0A-4C70-B0C9-A378188BB598}.Debug|Any CPU.Build.0 = Debug|Any CPU
		{DD8B76B0-FD0A-4C70-B0C9-A378188BB598}.Release|Any CPU.ActiveCfg = Release|Any CPU
		{DD8B76B0-FD0A-4C70-B0C9-A378188BB598}.Release|Any CPU.Build.0 = Release|Any CPU
	EndGlobalSection
	GlobalSection(SolutionProperties) = preSolution
		HideSolutionNode = FALSE
	EndGlobalSection
	GlobalSection(ExtensibilityGlobals) = postSolution
		SolutionGuid = {1078C9A5-D2C1-4FC1-A724-42D80CF0CC39}
	EndGlobalSection
EndGlobal
