
Microsoft Visual Studio Solution File, Format Version 12.00
# Visual Studio 14
VisualStudioVersion = 14.0.25420.1
MinimumVisualStudioVersion = 10.0.40219.1
Project("{FAE04EC0-301F-11D3-BF4B-00C04F79EFBC}") = "01Do04", "001\01Do04.csproj", "{069345CA-2ADE-4D49-9665-428F0CB0B4F4}"
EndProject
Project("{FAE04EC0-301F-11D3-BF4B-00C04F79EFBC}") = "Photo", "Photo\Photo.csproj", "{4FE53CEC-00CD-48C1-9E1C-31CDB4C7C3AE}"
EndProject
Global
	GlobalSection(SolutionConfigurationPlatforms) = preSolution
		Debug|Any CPU = Debug|Any CPU
		Release|Any CPU = Release|Any CPU
	EndGlobalSection
	GlobalSection(ProjectConfigurationPlatforms) = postSolution
		{069345CA-2ADE-4D49-9665-428F0CB0B4F4}.Debug|Any CPU.ActiveCfg = Debug|Any CPU
		{069345CA-2ADE-4D49-9665-428F0CB0B4F4}.Debug|Any CPU.Build.0 = Debug|Any CPU
		{069345CA-2ADE-4D49-9665-428F0CB0B4F4}.Release|Any CPU.ActiveCfg = Release|Any CPU
		{069345CA-2ADE-4D49-9665-428F0CB0B4F4}.Release|Any CPU.Build.0 = Release|Any CPU
		{4FE53CEC-00CD-48C1-9E1C-31CDB4C7C3AE}.Debug|Any CPU.ActiveCfg = Debug|Any CPU
		{4FE53CEC-00CD-48C1-9E1C-31CDB4C7C3AE}.Debug|Any CPU.Build.0 = Debug|Any CPU
		{4FE53CEC-00CD-48C1-9E1C-31CDB4C7C3AE}.Release|Any CPU.ActiveCfg = Release|Any CPU
		{4FE53CEC-00CD-48C1-9E1C-31CDB4C7C3AE}.Release|Any CPU.Build.0 = Release|Any CPU
	EndGlobalSection
	GlobalSection(SolutionProperties) = preSolution
		HideSolutionNode = FALSE
	EndGlobalSection
EndGlobal
