
Microsoft Visual Studio Solution File, Format Version 12.00
# Visual Studio 15
VisualStudioVersion = 15.0.26730.16
MinimumVisualStudioVersion = 10.0.40219.1
Project("{FAE04EC0-301F-11D3-BF4B-00C04F79EFBC}") = "WebServer", "WebServer\WebServer.csproj", "{3D0543BD-583A-4CC0-B8D2-CE4A6AA7B603}"
EndProject
Global
	GlobalSection(SolutionConfigurationPlatforms) = preSolution
		Debug|Any CPU = Debug|Any CPU
		Release|Any CPU = Release|Any CPU
	EndGlobalSection
	GlobalSection(ProjectConfigurationPlatforms) = postSolution
		{3D0543BD-583A-4CC0-B8D2-CE4A6AA7B603}.Debug|Any CPU.ActiveCfg = Debug|Any CPU
		{3D0543BD-583A-4CC0-B8D2-CE4A6AA7B603}.Debug|Any CPU.Build.0 = Debug|Any CPU
		{3D0543BD-583A-4CC0-B8D2-CE4A6AA7B603}.Release|Any CPU.ActiveCfg = Release|Any CPU
		{3D0543BD-583A-4CC0-B8D2-CE4A6AA7B603}.Release|Any CPU.Build.0 = Release|Any CPU
	EndGlobalSection
	GlobalSection(SolutionProperties) = preSolution
		HideSolutionNode = FALSE
	EndGlobalSection
	GlobalSection(ExtensibilityGlobals) = postSolution
		SolutionGuid = {EFFF253E-F421-47AA-9C98-489B966F6BF6}
	EndGlobalSection
EndGlobal
