
Microsoft Visual Studio Solution File, Format Version 12.00
# Visual Studio 15
VisualStudioVersion = 15.0.26430.12
MinimumVisualStudioVersion = 10.0.40219.1
Project("{FAE04EC0-301F-11D3-BF4B-00C04F79EFBC}") = "_005", "_005\_005.csproj", "{77C85974-C582-44A0-8585-69E5C59BF7AF}"
EndProject
Global
	GlobalSection(SolutionConfigurationPlatforms) = preSolution
		Debug|Any CPU = Debug|Any CPU
		Release|Any CPU = Release|Any CPU
	EndGlobalSection
	GlobalSection(ProjectConfigurationPlatforms) = postSolution
		{77C85974-C582-44A0-8585-69E5C59BF7AF}.Debug|Any CPU.ActiveCfg = Debug|Any CPU
		{77C85974-C582-44A0-8585-69E5C59BF7AF}.Debug|Any CPU.Build.0 = Debug|Any CPU
		{77C85974-C582-44A0-8585-69E5C59BF7AF}.Release|Any CPU.ActiveCfg = Release|Any CPU
		{77C85974-C582-44A0-8585-69E5C59BF7AF}.Release|Any CPU.Build.0 = Release|Any CPU
	EndGlobalSection
	GlobalSection(SolutionProperties) = preSolution
		HideSolutionNode = FALSE
	EndGlobalSection
EndGlobal
