
Microsoft Visual Studio Solution File, Format Version 12.00
# Visual Studio 15
VisualStudioVersion = 15.0.26430.12
MinimumVisualStudioVersion = 10.0.40219.1
Project("{FAE04EC0-301F-11D3-BF4B-00C04F79EFBC}") = "_001SecondNature", "_001SecondNature\_001SecondNature.csproj", "{AB648CD2-4719-4163-8288-F23B1A441778}"
EndProject
Project("{FAE04EC0-301F-11D3-BF4B-00C04F79EFBC}") = "_002NaturesProphet", "_002NaturesProphet\_002NaturesProphet.csproj", "{36F26A5C-A42B-4618-8694-237FB662462E}"
EndProject
Project("{FAE04EC0-301F-11D3-BF4B-00C04F79EFBC}") = "_003NMS", "_003NMS\_003NMS.csproj", "{F4BF2854-4367-432A-8750-79B32FF31045}"
EndProject
Project("{FAE04EC0-301F-11D3-BF4B-00C04F79EFBC}") = "_004AshesofRoses", "_004AshesofRoses\_004AshesofRoses.csproj", "{28323110-CD2E-4E18-826E-C38087DD55D4}"
EndProject
Global
	GlobalSection(SolutionConfigurationPlatforms) = preSolution
		Debug|Any CPU = Debug|Any CPU
		Release|Any CPU = Release|Any CPU
	EndGlobalSection
	GlobalSection(ProjectConfigurationPlatforms) = postSolution
		{AB648CD2-4719-4163-8288-F23B1A441778}.Debug|Any CPU.ActiveCfg = Debug|Any CPU
		{AB648CD2-4719-4163-8288-F23B1A441778}.Debug|Any CPU.Build.0 = Debug|Any CPU
		{AB648CD2-4719-4163-8288-F23B1A441778}.Release|Any CPU.ActiveCfg = Release|Any CPU
		{AB648CD2-4719-4163-8288-F23B1A441778}.Release|Any CPU.Build.0 = Release|Any CPU
		{36F26A5C-A42B-4618-8694-237FB662462E}.Debug|Any CPU.ActiveCfg = Debug|Any CPU
		{36F26A5C-A42B-4618-8694-237FB662462E}.Debug|Any CPU.Build.0 = Debug|Any CPU
		{36F26A5C-A42B-4618-8694-237FB662462E}.Release|Any CPU.ActiveCfg = Release|Any CPU
		{36F26A5C-A42B-4618-8694-237FB662462E}.Release|Any CPU.Build.0 = Release|Any CPU
		{F4BF2854-4367-432A-8750-79B32FF31045}.Debug|Any CPU.ActiveCfg = Debug|Any CPU
		{F4BF2854-4367-432A-8750-79B32FF31045}.Debug|Any CPU.Build.0 = Debug|Any CPU
		{F4BF2854-4367-432A-8750-79B32FF31045}.Release|Any CPU.ActiveCfg = Release|Any CPU
		{F4BF2854-4367-432A-8750-79B32FF31045}.Release|Any CPU.Build.0 = Release|Any CPU
		{28323110-CD2E-4E18-826E-C38087DD55D4}.Debug|Any CPU.ActiveCfg = Debug|Any CPU
		{28323110-CD2E-4E18-826E-C38087DD55D4}.Debug|Any CPU.Build.0 = Debug|Any CPU
		{28323110-CD2E-4E18-826E-C38087DD55D4}.Release|Any CPU.ActiveCfg = Release|Any CPU
		{28323110-CD2E-4E18-826E-C38087DD55D4}.Release|Any CPU.Build.0 = Release|Any CPU
	EndGlobalSection
	GlobalSection(SolutionProperties) = preSolution
		HideSolutionNode = FALSE
	EndGlobalSection
EndGlobal
