
Microsoft Visual Studio Solution File, Format Version 12.00
# Visual Studio 15
VisualStudioVersion = 15.0.26430.6
MinimumVisualStudioVersion = 10.0.40219.1
Project("{FAE04EC0-301F-11D3-BF4B-00C04F79EFBC}") = "_001", "_001\_001.csproj", "{DC65F6BE-3139-4544-BF88-8622D21022FA}"
EndProject
Project("{FAE04EC0-301F-11D3-BF4B-00C04F79EFBC}") = "_002", "_002\_002.csproj", "{B79F5D71-3920-42A0-9D1B-32E7195A9D29}"
EndProject
Project("{FAE04EC0-301F-11D3-BF4B-00C04F79EFBC}") = "_003", "_003\_003.csproj", "{82A92FC2-B16B-4EC5-97BA-255641DED6A2}"
EndProject
Project("{FAE04EC0-301F-11D3-BF4B-00C04F79EFBC}") = "_004", "_004\_004.csproj", "{49AD0659-72B2-4514-82E9-1A82487BE7F1}"
EndProject
Project("{FAE04EC0-301F-11D3-BF4B-00C04F79EFBC}") = "_005", "_005\_005.csproj", "{885634D0-8E2F-4840-87B9-5621C3182A3C}"
EndProject
Project("{FAE04EC0-301F-11D3-BF4B-00C04F79EFBC}") = "_006", "_006\_006.csproj", "{7E3A3287-769F-42F4-93A7-64BD927C83ED}"
EndProject
Project("{FAE04EC0-301F-11D3-BF4B-00C04F79EFBC}") = "_007", "_007\_007.csproj", "{5BD6AAE2-CA00-4C41-AC56-84D56199EF61}"
EndProject
Project("{FAE04EC0-301F-11D3-BF4B-00C04F79EFBC}") = "_008", "_008\_008.csproj", "{E6305CF3-45CE-4792-B880-DCA6B96DE3DF}"
EndProject
Project("{FAE04EC0-301F-11D3-BF4B-00C04F79EFBC}") = "_009", "_009\_009.csproj", "{AB5F1CB2-39E1-43F4-A51C-C18C5B53D575}"
EndProject
Project("{FAE04EC0-301F-11D3-BF4B-00C04F79EFBC}") = "_010", "_010\_010.csproj", "{D2DC52C9-774A-4B73-92BA-B30FEFF9BEB1}"
EndProject
Project("{FAE04EC0-301F-11D3-BF4B-00C04F79EFBC}") = "_011", "_011\_011.csproj", "{96C0AF6D-50D0-4E9F-BE37-08E52187E913}"
EndProject
Global
	GlobalSection(SolutionConfigurationPlatforms) = preSolution
		Debug|Any CPU = Debug|Any CPU
		Release|Any CPU = Release|Any CPU
	EndGlobalSection
	GlobalSection(ProjectConfigurationPlatforms) = postSolution
		{DC65F6BE-3139-4544-BF88-8622D21022FA}.Debug|Any CPU.ActiveCfg = Debug|Any CPU
		{DC65F6BE-3139-4544-BF88-8622D21022FA}.Debug|Any CPU.Build.0 = Debug|Any CPU
		{DC65F6BE-3139-4544-BF88-8622D21022FA}.Release|Any CPU.ActiveCfg = Release|Any CPU
		{DC65F6BE-3139-4544-BF88-8622D21022FA}.Release|Any CPU.Build.0 = Release|Any CPU
		{B79F5D71-3920-42A0-9D1B-32E7195A9D29}.Debug|Any CPU.ActiveCfg = Debug|Any CPU
		{B79F5D71-3920-42A0-9D1B-32E7195A9D29}.Debug|Any CPU.Build.0 = Debug|Any CPU
		{B79F5D71-3920-42A0-9D1B-32E7195A9D29}.Release|Any CPU.ActiveCfg = Release|Any CPU
		{B79F5D71-3920-42A0-9D1B-32E7195A9D29}.Release|Any CPU.Build.0 = Release|Any CPU
		{82A92FC2-B16B-4EC5-97BA-255641DED6A2}.Debug|Any CPU.ActiveCfg = Debug|Any CPU
		{82A92FC2-B16B-4EC5-97BA-255641DED6A2}.Debug|Any CPU.Build.0 = Debug|Any CPU
		{82A92FC2-B16B-4EC5-97BA-255641DED6A2}.Release|Any CPU.ActiveCfg = Release|Any CPU
		{82A92FC2-B16B-4EC5-97BA-255641DED6A2}.Release|Any CPU.Build.0 = Release|Any CPU
		{49AD0659-72B2-4514-82E9-1A82487BE7F1}.Debug|Any CPU.ActiveCfg = Debug|Any CPU
		{49AD0659-72B2-4514-82E9-1A82487BE7F1}.Debug|Any CPU.Build.0 = Debug|Any CPU
		{49AD0659-72B2-4514-82E9-1A82487BE7F1}.Release|Any CPU.ActiveCfg = Release|Any CPU
		{49AD0659-72B2-4514-82E9-1A82487BE7F1}.Release|Any CPU.Build.0 = Release|Any CPU
		{885634D0-8E2F-4840-87B9-5621C3182A3C}.Debug|Any CPU.ActiveCfg = Debug|Any CPU
		{885634D0-8E2F-4840-87B9-5621C3182A3C}.Debug|Any CPU.Build.0 = Debug|Any CPU
		{885634D0-8E2F-4840-87B9-5621C3182A3C}.Release|Any CPU.ActiveCfg = Release|Any CPU
		{885634D0-8E2F-4840-87B9-5621C3182A3C}.Release|Any CPU.Build.0 = Release|Any CPU
		{7E3A3287-769F-42F4-93A7-64BD927C83ED}.Debug|Any CPU.ActiveCfg = Debug|Any CPU
		{7E3A3287-769F-42F4-93A7-64BD927C83ED}.Debug|Any CPU.Build.0 = Debug|Any CPU
		{7E3A3287-769F-42F4-93A7-64BD927C83ED}.Release|Any CPU.ActiveCfg = Release|Any CPU
		{7E3A3287-769F-42F4-93A7-64BD927C83ED}.Release|Any CPU.Build.0 = Release|Any CPU
		{5BD6AAE2-CA00-4C41-AC56-84D56199EF61}.Debug|Any CPU.ActiveCfg = Debug|Any CPU
		{5BD6AAE2-CA00-4C41-AC56-84D56199EF61}.Debug|Any CPU.Build.0 = Debug|Any CPU
		{5BD6AAE2-CA00-4C41-AC56-84D56199EF61}.Release|Any CPU.ActiveCfg = Release|Any CPU
		{5BD6AAE2-CA00-4C41-AC56-84D56199EF61}.Release|Any CPU.Build.0 = Release|Any CPU
		{E6305CF3-45CE-4792-B880-DCA6B96DE3DF}.Debug|Any CPU.ActiveCfg = Debug|Any CPU
		{E6305CF3-45CE-4792-B880-DCA6B96DE3DF}.Debug|Any CPU.Build.0 = Debug|Any CPU
		{E6305CF3-45CE-4792-B880-DCA6B96DE3DF}.Release|Any CPU.ActiveCfg = Release|Any CPU
		{E6305CF3-45CE-4792-B880-DCA6B96DE3DF}.Release|Any CPU.Build.0 = Release|Any CPU
		{AB5F1CB2-39E1-43F4-A51C-C18C5B53D575}.Debug|Any CPU.ActiveCfg = Debug|Any CPU
		{AB5F1CB2-39E1-43F4-A51C-C18C5B53D575}.Debug|Any CPU.Build.0 = Debug|Any CPU
		{AB5F1CB2-39E1-43F4-A51C-C18C5B53D575}.Release|Any CPU.ActiveCfg = Release|Any CPU
		{AB5F1CB2-39E1-43F4-A51C-C18C5B53D575}.Release|Any CPU.Build.0 = Release|Any CPU
		{D2DC52C9-774A-4B73-92BA-B30FEFF9BEB1}.Debug|Any CPU.ActiveCfg = Debug|Any CPU
		{D2DC52C9-774A-4B73-92BA-B30FEFF9BEB1}.Debug|Any CPU.Build.0 = Debug|Any CPU
		{D2DC52C9-774A-4B73-92BA-B30FEFF9BEB1}.Release|Any CPU.ActiveCfg = Release|Any CPU
		{D2DC52C9-774A-4B73-92BA-B30FEFF9BEB1}.Release|Any CPU.Build.0 = Release|Any CPU
		{96C0AF6D-50D0-4E9F-BE37-08E52187E913}.Debug|Any CPU.ActiveCfg = Debug|Any CPU
		{96C0AF6D-50D0-4E9F-BE37-08E52187E913}.Debug|Any CPU.Build.0 = Debug|Any CPU
		{96C0AF6D-50D0-4E9F-BE37-08E52187E913}.Release|Any CPU.ActiveCfg = Release|Any CPU
		{96C0AF6D-50D0-4E9F-BE37-08E52187E913}.Release|Any CPU.Build.0 = Release|Any CPU
	EndGlobalSection
	GlobalSection(SolutionProperties) = preSolution
		HideSolutionNode = FALSE
	EndGlobalSection
EndGlobal
