
Microsoft Visual Studio Solution File, Format Version 12.00
# Visual Studio 15
VisualStudioVersion = 15.0.26430.12
MinimumVisualStudioVersion = 10.0.40219.1
Project("{FAE04EC0-301F-11D3-BF4B-00C04F79EFBC}") = "_001", "_001\_001.csproj", "{8FFD02AF-CF55-4B62-9060-E670919EFB02}"
EndProject
Project("{FAE04EC0-301F-11D3-BF4B-00C04F79EFBC}") = "_002", "_002\_002.csproj", "{87129216-2002-47D0-B55A-692F195C5CCE}"
EndProject
Project("{FAE04EC0-301F-11D3-BF4B-00C04F79EFBC}") = "_003", "_003\_003.csproj", "{ED53D954-BB7A-4114-822B-C8B1019BAFA4}"
EndProject
Project("{FAE04EC0-301F-11D3-BF4B-00C04F79EFBC}") = "_004", "_004\_004.csproj", "{0D95DB7D-525F-4025-A469-CA1FF5E13BBF}"
EndProject
Project("{FAE04EC0-301F-11D3-BF4B-00C04F79EFBC}") = "_005", "_005\_005.csproj", "{74579E46-102E-40B6-9A98-7B6992E1A179}"
EndProject
Project("{FAE04EC0-301F-11D3-BF4B-00C04F79EFBC}") = "_006", "_006\_006.csproj", "{E3674A8E-6C70-430C-B6CB-E886DDED1494}"
EndProject
Project("{FAE04EC0-301F-11D3-BF4B-00C04F79EFBC}") = "_007", "_007\_007.csproj", "{8176ABE0-2293-45D8-88DD-689481E59DE6}"
EndProject
Project("{FAE04EC0-301F-11D3-BF4B-00C04F79EFBC}") = "_008", "_008\_008.csproj", "{33E3F454-A8DC-4FBF-AD43-8208C9001B06}"
EndProject
Project("{FAE04EC0-301F-11D3-BF4B-00C04F79EFBC}") = "_009", "_009\_009.csproj", "{4EBE5DA2-5DBC-43F1-928C-860D9666BE7E}"
EndProject
Project("{FAE04EC0-301F-11D3-BF4B-00C04F79EFBC}") = "_010", "_010\_010.csproj", "{F3E9A058-725A-4BA8-AC0D-5F737D1B3D55}"
EndProject
Project("{FAE04EC0-301F-11D3-BF4B-00C04F79EFBC}") = "_011", "_011\_011.csproj", "{60B26D96-8232-433B-8775-2D3C58F5E702}"
EndProject
Project("{FAE04EC0-301F-11D3-BF4B-00C04F79EFBC}") = "_012", "_012\_012.csproj", "{FBB3DAC8-73C1-4F73-8F3C-439B0BAA0BFB}"
EndProject
Project("{FAE04EC0-301F-11D3-BF4B-00C04F79EFBC}") = "_013", "_013\_013.csproj", "{65AAA3D2-6E57-4556-AE00-8CE85A6E5BE4}"
EndProject
Project("{FAE04EC0-301F-11D3-BF4B-00C04F79EFBC}") = "_014", "_014\_014.csproj", "{315D16F4-E267-4F1D-93BA-F81B27C19571}"
EndProject
Project("{FAE04EC0-301F-11D3-BF4B-00C04F79EFBC}") = "_015", "_015\_015.csproj", "{095450B7-6FD3-4EA0-A068-FD8D0DED717D}"
EndProject
Project("{FAE04EC0-301F-11D3-BF4B-00C04F79EFBC}") = "_016", "_016\_016.csproj", "{3749E48D-1733-457D-9F94-BB2ABAC8DBA2}"
EndProject
Global
	GlobalSection(SolutionConfigurationPlatforms) = preSolution
		Debug|Any CPU = Debug|Any CPU
		Release|Any CPU = Release|Any CPU
	EndGlobalSection
	GlobalSection(ProjectConfigurationPlatforms) = postSolution
		{8FFD02AF-CF55-4B62-9060-E670919EFB02}.Debug|Any CPU.ActiveCfg = Debug|Any CPU
		{8FFD02AF-CF55-4B62-9060-E670919EFB02}.Debug|Any CPU.Build.0 = Debug|Any CPU
		{8FFD02AF-CF55-4B62-9060-E670919EFB02}.Release|Any CPU.ActiveCfg = Release|Any CPU
		{8FFD02AF-CF55-4B62-9060-E670919EFB02}.Release|Any CPU.Build.0 = Release|Any CPU
		{87129216-2002-47D0-B55A-692F195C5CCE}.Debug|Any CPU.ActiveCfg = Debug|Any CPU
		{87129216-2002-47D0-B55A-692F195C5CCE}.Debug|Any CPU.Build.0 = Debug|Any CPU
		{87129216-2002-47D0-B55A-692F195C5CCE}.Release|Any CPU.ActiveCfg = Release|Any CPU
		{87129216-2002-47D0-B55A-692F195C5CCE}.Release|Any CPU.Build.0 = Release|Any CPU
		{ED53D954-BB7A-4114-822B-C8B1019BAFA4}.Debug|Any CPU.ActiveCfg = Debug|Any CPU
		{ED53D954-BB7A-4114-822B-C8B1019BAFA4}.Debug|Any CPU.Build.0 = Debug|Any CPU
		{ED53D954-BB7A-4114-822B-C8B1019BAFA4}.Release|Any CPU.ActiveCfg = Release|Any CPU
		{ED53D954-BB7A-4114-822B-C8B1019BAFA4}.Release|Any CPU.Build.0 = Release|Any CPU
		{0D95DB7D-525F-4025-A469-CA1FF5E13BBF}.Debug|Any CPU.ActiveCfg = Debug|Any CPU
		{0D95DB7D-525F-4025-A469-CA1FF5E13BBF}.Debug|Any CPU.Build.0 = Debug|Any CPU
		{0D95DB7D-525F-4025-A469-CA1FF5E13BBF}.Release|Any CPU.ActiveCfg = Release|Any CPU
		{0D95DB7D-525F-4025-A469-CA1FF5E13BBF}.Release|Any CPU.Build.0 = Release|Any CPU
		{74579E46-102E-40B6-9A98-7B6992E1A179}.Debug|Any CPU.ActiveCfg = Debug|Any CPU
		{74579E46-102E-40B6-9A98-7B6992E1A179}.Debug|Any CPU.Build.0 = Debug|Any CPU
		{74579E46-102E-40B6-9A98-7B6992E1A179}.Release|Any CPU.ActiveCfg = Release|Any CPU
		{74579E46-102E-40B6-9A98-7B6992E1A179}.Release|Any CPU.Build.0 = Release|Any CPU
		{E3674A8E-6C70-430C-B6CB-E886DDED1494}.Debug|Any CPU.ActiveCfg = Debug|Any CPU
		{E3674A8E-6C70-430C-B6CB-E886DDED1494}.Debug|Any CPU.Build.0 = Debug|Any CPU
		{E3674A8E-6C70-430C-B6CB-E886DDED1494}.Release|Any CPU.ActiveCfg = Release|Any CPU
		{E3674A8E-6C70-430C-B6CB-E886DDED1494}.Release|Any CPU.Build.0 = Release|Any CPU
		{8176ABE0-2293-45D8-88DD-689481E59DE6}.Debug|Any CPU.ActiveCfg = Debug|Any CPU
		{8176ABE0-2293-45D8-88DD-689481E59DE6}.Debug|Any CPU.Build.0 = Debug|Any CPU
		{8176ABE0-2293-45D8-88DD-689481E59DE6}.Release|Any CPU.ActiveCfg = Release|Any CPU
		{8176ABE0-2293-45D8-88DD-689481E59DE6}.Release|Any CPU.Build.0 = Release|Any CPU
		{33E3F454-A8DC-4FBF-AD43-8208C9001B06}.Debug|Any CPU.ActiveCfg = Debug|Any CPU
		{33E3F454-A8DC-4FBF-AD43-8208C9001B06}.Debug|Any CPU.Build.0 = Debug|Any CPU
		{33E3F454-A8DC-4FBF-AD43-8208C9001B06}.Release|Any CPU.ActiveCfg = Release|Any CPU
		{33E3F454-A8DC-4FBF-AD43-8208C9001B06}.Release|Any CPU.Build.0 = Release|Any CPU
		{4EBE5DA2-5DBC-43F1-928C-860D9666BE7E}.Debug|Any CPU.ActiveCfg = Debug|Any CPU
		{4EBE5DA2-5DBC-43F1-928C-860D9666BE7E}.Debug|Any CPU.Build.0 = Debug|Any CPU
		{4EBE5DA2-5DBC-43F1-928C-860D9666BE7E}.Release|Any CPU.ActiveCfg = Release|Any CPU
		{4EBE5DA2-5DBC-43F1-928C-860D9666BE7E}.Release|Any CPU.Build.0 = Release|Any CPU
		{F3E9A058-725A-4BA8-AC0D-5F737D1B3D55}.Debug|Any CPU.ActiveCfg = Debug|Any CPU
		{F3E9A058-725A-4BA8-AC0D-5F737D1B3D55}.Debug|Any CPU.Build.0 = Debug|Any CPU
		{F3E9A058-725A-4BA8-AC0D-5F737D1B3D55}.Release|Any CPU.ActiveCfg = Release|Any CPU
		{F3E9A058-725A-4BA8-AC0D-5F737D1B3D55}.Release|Any CPU.Build.0 = Release|Any CPU
		{60B26D96-8232-433B-8775-2D3C58F5E702}.Debug|Any CPU.ActiveCfg = Debug|Any CPU
		{60B26D96-8232-433B-8775-2D3C58F5E702}.Debug|Any CPU.Build.0 = Debug|Any CPU
		{60B26D96-8232-433B-8775-2D3C58F5E702}.Release|Any CPU.ActiveCfg = Release|Any CPU
		{60B26D96-8232-433B-8775-2D3C58F5E702}.Release|Any CPU.Build.0 = Release|Any CPU
		{FBB3DAC8-73C1-4F73-8F3C-439B0BAA0BFB}.Debug|Any CPU.ActiveCfg = Debug|Any CPU
		{FBB3DAC8-73C1-4F73-8F3C-439B0BAA0BFB}.Debug|Any CPU.Build.0 = Debug|Any CPU
		{FBB3DAC8-73C1-4F73-8F3C-439B0BAA0BFB}.Release|Any CPU.ActiveCfg = Release|Any CPU
		{FBB3DAC8-73C1-4F73-8F3C-439B0BAA0BFB}.Release|Any CPU.Build.0 = Release|Any CPU
		{65AAA3D2-6E57-4556-AE00-8CE85A6E5BE4}.Debug|Any CPU.ActiveCfg = Debug|Any CPU
		{65AAA3D2-6E57-4556-AE00-8CE85A6E5BE4}.Debug|Any CPU.Build.0 = Debug|Any CPU
		{65AAA3D2-6E57-4556-AE00-8CE85A6E5BE4}.Release|Any CPU.ActiveCfg = Release|Any CPU
		{65AAA3D2-6E57-4556-AE00-8CE85A6E5BE4}.Release|Any CPU.Build.0 = Release|Any CPU
		{315D16F4-E267-4F1D-93BA-F81B27C19571}.Debug|Any CPU.ActiveCfg = Debug|Any CPU
		{315D16F4-E267-4F1D-93BA-F81B27C19571}.Debug|Any CPU.Build.0 = Debug|Any CPU
		{315D16F4-E267-4F1D-93BA-F81B27C19571}.Release|Any CPU.ActiveCfg = Release|Any CPU
		{315D16F4-E267-4F1D-93BA-F81B27C19571}.Release|Any CPU.Build.0 = Release|Any CPU
		{095450B7-6FD3-4EA0-A068-FD8D0DED717D}.Debug|Any CPU.ActiveCfg = Debug|Any CPU
		{095450B7-6FD3-4EA0-A068-FD8D0DED717D}.Debug|Any CPU.Build.0 = Debug|Any CPU
		{095450B7-6FD3-4EA0-A068-FD8D0DED717D}.Release|Any CPU.ActiveCfg = Release|Any CPU
		{095450B7-6FD3-4EA0-A068-FD8D0DED717D}.Release|Any CPU.Build.0 = Release|Any CPU
		{3749E48D-1733-457D-9F94-BB2ABAC8DBA2}.Debug|Any CPU.ActiveCfg = Debug|Any CPU
		{3749E48D-1733-457D-9F94-BB2ABAC8DBA2}.Debug|Any CPU.Build.0 = Debug|Any CPU
		{3749E48D-1733-457D-9F94-BB2ABAC8DBA2}.Release|Any CPU.ActiveCfg = Release|Any CPU
		{3749E48D-1733-457D-9F94-BB2ABAC8DBA2}.Release|Any CPU.Build.0 = Release|Any CPU
	EndGlobalSection
	GlobalSection(SolutionProperties) = preSolution
		HideSolutionNode = FALSE
	EndGlobalSection
EndGlobal
