
Microsoft Visual Studio Solution File, Format Version 12.00
# Visual Studio 15
VisualStudioVersion = 15.0.26430.12
MinimumVisualStudioVersion = 10.0.40219.1
Project("{FAE04EC0-301F-11D3-BF4B-00C04F79EFBC}") = "_001", "_001\_001.csproj", "{E6B28A7F-65FC-4537-9028-97172C811278}"
EndProject
Project("{FAE04EC0-301F-11D3-BF4B-00C04F79EFBC}") = "_002", "_002\_002.csproj", "{1CC1CAA7-5A06-4FD1-8BA0-58A01F76ECFD}"
EndProject
Project("{FAE04EC0-301F-11D3-BF4B-00C04F79EFBC}") = "_003", "_003\_003.csproj", "{D7041B24-A144-425F-A310-CFC9C0E3FC0B}"
EndProject
Project("{FAE04EC0-301F-11D3-BF4B-00C04F79EFBC}") = "_004", "_004\_004.csproj", "{90AF12D3-A13F-434C-A755-48485D4EBAC2}"
EndProject
Project("{FAE04EC0-301F-11D3-BF4B-00C04F79EFBC}") = "_005", "_005\_005.csproj", "{637C5870-AA7F-46C9-82A9-B993CF5909FA}"
EndProject
Project("{FAE04EC0-301F-11D3-BF4B-00C04F79EFBC}") = "_006", "_006\_006.csproj", "{6F9BC45B-27BA-406B-8B3E-63957C8203B8}"
EndProject
Project("{FAE04EC0-301F-11D3-BF4B-00C04F79EFBC}") = "_007", "_007\_007.csproj", "{234C1DF9-ACA6-4E86-A68E-97A0457B1D8C}"
EndProject
Project("{FAE04EC0-301F-11D3-BF4B-00C04F79EFBC}") = "_008", "_008\_008.csproj", "{FEDDD871-0FA2-478D-9C88-CE07741130DF}"
EndProject
Project("{FAE04EC0-301F-11D3-BF4B-00C04F79EFBC}") = "_009", "_009\_009.csproj", "{8E146D2D-0FEA-4D22-A4B4-5D7F8D158A3E}"
EndProject
Project("{FAE04EC0-301F-11D3-BF4B-00C04F79EFBC}") = "_010", "_010\_010.csproj", "{DEEEBACF-4D5E-4C39-8A42-403C32089FB8}"
EndProject
Project("{FAE04EC0-301F-11D3-BF4B-00C04F79EFBC}") = "_011", "_011\_011.csproj", "{86DCE649-0CE0-44E0-BC97-E24F0330FF08}"
EndProject
Project("{FAE04EC0-301F-11D3-BF4B-00C04F79EFBC}") = "_012", "_012\_012.csproj", "{3002DE28-0523-4F81-8723-16DDF1440A9A}"
EndProject
Project("{FAE04EC0-301F-11D3-BF4B-00C04F79EFBC}") = "_013", "_013\_013.csproj", "{4A7DB87E-6D96-4C6B-AE26-52C899830E8E}"
EndProject
Global
	GlobalSection(SolutionConfigurationPlatforms) = preSolution
		Debug|Any CPU = Debug|Any CPU
		Release|Any CPU = Release|Any CPU
	EndGlobalSection
	GlobalSection(ProjectConfigurationPlatforms) = postSolution
		{E6B28A7F-65FC-4537-9028-97172C811278}.Debug|Any CPU.ActiveCfg = Debug|Any CPU
		{E6B28A7F-65FC-4537-9028-97172C811278}.Debug|Any CPU.Build.0 = Debug|Any CPU
		{E6B28A7F-65FC-4537-9028-97172C811278}.Release|Any CPU.ActiveCfg = Release|Any CPU
		{E6B28A7F-65FC-4537-9028-97172C811278}.Release|Any CPU.Build.0 = Release|Any CPU
		{1CC1CAA7-5A06-4FD1-8BA0-58A01F76ECFD}.Debug|Any CPU.ActiveCfg = Debug|Any CPU
		{1CC1CAA7-5A06-4FD1-8BA0-58A01F76ECFD}.Debug|Any CPU.Build.0 = Debug|Any CPU
		{1CC1CAA7-5A06-4FD1-8BA0-58A01F76ECFD}.Release|Any CPU.ActiveCfg = Release|Any CPU
		{1CC1CAA7-5A06-4FD1-8BA0-58A01F76ECFD}.Release|Any CPU.Build.0 = Release|Any CPU
		{D7041B24-A144-425F-A310-CFC9C0E3FC0B}.Debug|Any CPU.ActiveCfg = Debug|Any CPU
		{D7041B24-A144-425F-A310-CFC9C0E3FC0B}.Debug|Any CPU.Build.0 = Debug|Any CPU
		{D7041B24-A144-425F-A310-CFC9C0E3FC0B}.Release|Any CPU.ActiveCfg = Release|Any CPU
		{D7041B24-A144-425F-A310-CFC9C0E3FC0B}.Release|Any CPU.Build.0 = Release|Any CPU
		{90AF12D3-A13F-434C-A755-48485D4EBAC2}.Debug|Any CPU.ActiveCfg = Debug|Any CPU
		{90AF12D3-A13F-434C-A755-48485D4EBAC2}.Debug|Any CPU.Build.0 = Debug|Any CPU
		{90AF12D3-A13F-434C-A755-48485D4EBAC2}.Release|Any CPU.ActiveCfg = Release|Any CPU
		{90AF12D3-A13F-434C-A755-48485D4EBAC2}.Release|Any CPU.Build.0 = Release|Any CPU
		{637C5870-AA7F-46C9-82A9-B993CF5909FA}.Debug|Any CPU.ActiveCfg = Debug|Any CPU
		{637C5870-AA7F-46C9-82A9-B993CF5909FA}.Debug|Any CPU.Build.0 = Debug|Any CPU
		{637C5870-AA7F-46C9-82A9-B993CF5909FA}.Release|Any CPU.ActiveCfg = Release|Any CPU
		{637C5870-AA7F-46C9-82A9-B993CF5909FA}.Release|Any CPU.Build.0 = Release|Any CPU
		{6F9BC45B-27BA-406B-8B3E-63957C8203B8}.Debug|Any CPU.ActiveCfg = Debug|Any CPU
		{6F9BC45B-27BA-406B-8B3E-63957C8203B8}.Debug|Any CPU.Build.0 = Debug|Any CPU
		{6F9BC45B-27BA-406B-8B3E-63957C8203B8}.Release|Any CPU.ActiveCfg = Release|Any CPU
		{6F9BC45B-27BA-406B-8B3E-63957C8203B8}.Release|Any CPU.Build.0 = Release|Any CPU
		{234C1DF9-ACA6-4E86-A68E-97A0457B1D8C}.Debug|Any CPU.ActiveCfg = Debug|Any CPU
		{234C1DF9-ACA6-4E86-A68E-97A0457B1D8C}.Debug|Any CPU.Build.0 = Debug|Any CPU
		{234C1DF9-ACA6-4E86-A68E-97A0457B1D8C}.Release|Any CPU.ActiveCfg = Release|Any CPU
		{234C1DF9-ACA6-4E86-A68E-97A0457B1D8C}.Release|Any CPU.Build.0 = Release|Any CPU
		{FEDDD871-0FA2-478D-9C88-CE07741130DF}.Debug|Any CPU.ActiveCfg = Debug|Any CPU
		{FEDDD871-0FA2-478D-9C88-CE07741130DF}.Debug|Any CPU.Build.0 = Debug|Any CPU
		{FEDDD871-0FA2-478D-9C88-CE07741130DF}.Release|Any CPU.ActiveCfg = Release|Any CPU
		{FEDDD871-0FA2-478D-9C88-CE07741130DF}.Release|Any CPU.Build.0 = Release|Any CPU
		{8E146D2D-0FEA-4D22-A4B4-5D7F8D158A3E}.Debug|Any CPU.ActiveCfg = Debug|Any CPU
		{8E146D2D-0FEA-4D22-A4B4-5D7F8D158A3E}.Debug|Any CPU.Build.0 = Debug|Any CPU
		{8E146D2D-0FEA-4D22-A4B4-5D7F8D158A3E}.Release|Any CPU.ActiveCfg = Release|Any CPU
		{8E146D2D-0FEA-4D22-A4B4-5D7F8D158A3E}.Release|Any CPU.Build.0 = Release|Any CPU
		{DEEEBACF-4D5E-4C39-8A42-403C32089FB8}.Debug|Any CPU.ActiveCfg = Debug|Any CPU
		{DEEEBACF-4D5E-4C39-8A42-403C32089FB8}.Debug|Any CPU.Build.0 = Debug|Any CPU
		{DEEEBACF-4D5E-4C39-8A42-403C32089FB8}.Release|Any CPU.ActiveCfg = Release|Any CPU
		{DEEEBACF-4D5E-4C39-8A42-403C32089FB8}.Release|Any CPU.Build.0 = Release|Any CPU
		{86DCE649-0CE0-44E0-BC97-E24F0330FF08}.Debug|Any CPU.ActiveCfg = Debug|Any CPU
		{86DCE649-0CE0-44E0-BC97-E24F0330FF08}.Debug|Any CPU.Build.0 = Debug|Any CPU
		{86DCE649-0CE0-44E0-BC97-E24F0330FF08}.Release|Any CPU.ActiveCfg = Release|Any CPU
		{86DCE649-0CE0-44E0-BC97-E24F0330FF08}.Release|Any CPU.Build.0 = Release|Any CPU
		{3002DE28-0523-4F81-8723-16DDF1440A9A}.Debug|Any CPU.ActiveCfg = Debug|Any CPU
		{3002DE28-0523-4F81-8723-16DDF1440A9A}.Debug|Any CPU.Build.0 = Debug|Any CPU
		{3002DE28-0523-4F81-8723-16DDF1440A9A}.Release|Any CPU.ActiveCfg = Release|Any CPU
		{3002DE28-0523-4F81-8723-16DDF1440A9A}.Release|Any CPU.Build.0 = Release|Any CPU
		{4A7DB87E-6D96-4C6B-AE26-52C899830E8E}.Debug|Any CPU.ActiveCfg = Debug|Any CPU
		{4A7DB87E-6D96-4C6B-AE26-52C899830E8E}.Debug|Any CPU.Build.0 = Debug|Any CPU
		{4A7DB87E-6D96-4C6B-AE26-52C899830E8E}.Release|Any CPU.ActiveCfg = Release|Any CPU
		{4A7DB87E-6D96-4C6B-AE26-52C899830E8E}.Release|Any CPU.Build.0 = Release|Any CPU
	EndGlobalSection
	GlobalSection(SolutionProperties) = preSolution
		HideSolutionNode = FALSE
	EndGlobalSection
EndGlobal
