
Microsoft Visual Studio Solution File, Format Version 12.00
# Visual Studio 15
VisualStudioVersion = 15.0.27004.2005
MinimumVisualStudioVersion = 10.0.40219.1
Project("{FAE04EC0-301F-11D3-BF4B-00C04F79EFBC}") = "SimpleMvc.Framework", "SimpleMvc.Framework\SimpleMvc.Framework.csproj", "{B554E481-62D7-4F6D-94C4-CED436B98515}"
EndProject
Project("{FAE04EC0-301F-11D3-BF4B-00C04F79EFBC}") = "WebServer", "WebServer\WebServer.csproj", "{6C933322-84DF-4046-AAE8-19273C4C8CDB}"
EndProject
Project("{FAE04EC0-301F-11D3-BF4B-00C04F79EFBC}") = "SimpleMvc.App", "SimpleMvc.App\SimpleMvc.App.csproj", "{C14420A7-6488-4905-95E8-A58684D6C515}"
EndProject
Global
	GlobalSection(SolutionConfigurationPlatforms) = preSolution
		Debug|Any CPU = Debug|Any CPU
		Release|Any CPU = Release|Any CPU
	EndGlobalSection
	GlobalSection(ProjectConfigurationPlatforms) = postSolution
		{B554E481-62D7-4F6D-94C4-CED436B98515}.Debug|Any CPU.ActiveCfg = Debug|Any CPU
		{B554E481-62D7-4F6D-94C4-CED436B98515}.Debug|Any CPU.Build.0 = Debug|Any CPU
		{B554E481-62D7-4F6D-94C4-CED436B98515}.Release|Any CPU.ActiveCfg = Release|Any CPU
		{B554E481-62D7-4F6D-94C4-CED436B98515}.Release|Any CPU.Build.0 = Release|Any CPU
		{6C933322-84DF-4046-AAE8-19273C4C8CDB}.Debug|Any CPU.ActiveCfg = Debug|Any CPU
		{6C933322-84DF-4046-AAE8-19273C4C8CDB}.Debug|Any CPU.Build.0 = Debug|Any CPU
		{6C933322-84DF-4046-AAE8-19273C4C8CDB}.Release|Any CPU.ActiveCfg = Release|Any CPU
		{6C933322-84DF-4046-AAE8-19273C4C8CDB}.Release|Any CPU.Build.0 = Release|Any CPU
		{C14420A7-6488-4905-95E8-A58684D6C515}.Debug|Any CPU.ActiveCfg = Debug|Any CPU
		{C14420A7-6488-4905-95E8-A58684D6C515}.Debug|Any CPU.Build.0 = Debug|Any CPU
		{C14420A7-6488-4905-95E8-A58684D6C515}.Release|Any CPU.ActiveCfg = Release|Any CPU
		{C14420A7-6488-4905-95E8-A58684D6C515}.Release|Any CPU.Build.0 = Release|Any CPU
	EndGlobalSection
	GlobalSection(SolutionProperties) = preSolution
		HideSolutionNode = FALSE
	EndGlobalSection
	GlobalSection(ExtensibilityGlobals) = postSolution
		SolutionGuid = {3ABA898C-743A-4BCB-94FE-871C34896B4B}
	EndGlobalSection
EndGlobal
