
Microsoft Visual Studio Solution File, Format Version 12.00
# Visual Studio 15
VisualStudioVersion = 15.0.26430.12
MinimumVisualStudioVersion = 10.0.40219.1
Project("{FAE04EC0-301F-11D3-BF4B-00C04F79EFBC}") = "_001", "_001\_001.csproj", "{A604AE2C-082D-4387-A1B9-3A6620AA9105}"
EndProject
Project("{FAE04EC0-301F-11D3-BF4B-00C04F79EFBC}") = "_002", "_002\_002.csproj", "{82171A8D-3BF7-4858-AFE1-B522DBCBBF4A}"
EndProject
Project("{FAE04EC0-301F-11D3-BF4B-00C04F79EFBC}") = "_003", "_003\_003.csproj", "{F290D2AB-AC95-4944-95E5-38E680AB4633}"
EndProject
Project("{FAE04EC0-301F-11D3-BF4B-00C04F79EFBC}") = "_004", "_004\_004.csproj", "{C7B0224B-CE3D-4800-9ADD-3B38650F5EF0}"
EndProject
Project("{FAE04EC0-301F-11D3-BF4B-00C04F79EFBC}") = "_005", "_005\_005.csproj", "{AA919D36-B300-4F14-ADE5-A190F836E548}"
EndProject
Project("{FAE04EC0-301F-11D3-BF4B-00C04F79EFBC}") = "_006", "_006\_006.csproj", "{EA1CF48D-B352-4E23-B13A-B46B10EFA2BD}"
EndProject
Project("{FAE04EC0-301F-11D3-BF4B-00C04F79EFBC}") = "_007", "_007\_007.csproj", "{4369D503-28A4-4263-8877-E539EE45EF4D}"
EndProject
Project("{FAE04EC0-301F-11D3-BF4B-00C04F79EFBC}") = "_008", "_008\_008.csproj", "{BEF6B776-49D6-4799-B53B-FDB0BB6D8D84}"
EndProject
Project("{FAE04EC0-301F-11D3-BF4B-00C04F79EFBC}") = "_009", "_009\_009.csproj", "{F570814F-DA54-489A-9D33-915632541882}"
EndProject
Global
	GlobalSection(SolutionConfigurationPlatforms) = preSolution
		Debug|Any CPU = Debug|Any CPU
		Release|Any CPU = Release|Any CPU
	EndGlobalSection
	GlobalSection(ProjectConfigurationPlatforms) = postSolution
		{A604AE2C-082D-4387-A1B9-3A6620AA9105}.Debug|Any CPU.ActiveCfg = Debug|Any CPU
		{A604AE2C-082D-4387-A1B9-3A6620AA9105}.Debug|Any CPU.Build.0 = Debug|Any CPU
		{A604AE2C-082D-4387-A1B9-3A6620AA9105}.Release|Any CPU.ActiveCfg = Release|Any CPU
		{A604AE2C-082D-4387-A1B9-3A6620AA9105}.Release|Any CPU.Build.0 = Release|Any CPU
		{82171A8D-3BF7-4858-AFE1-B522DBCBBF4A}.Debug|Any CPU.ActiveCfg = Debug|Any CPU
		{82171A8D-3BF7-4858-AFE1-B522DBCBBF4A}.Debug|Any CPU.Build.0 = Debug|Any CPU
		{82171A8D-3BF7-4858-AFE1-B522DBCBBF4A}.Release|Any CPU.ActiveCfg = Release|Any CPU
		{82171A8D-3BF7-4858-AFE1-B522DBCBBF4A}.Release|Any CPU.Build.0 = Release|Any CPU
		{F290D2AB-AC95-4944-95E5-38E680AB4633}.Debug|Any CPU.ActiveCfg = Debug|Any CPU
		{F290D2AB-AC95-4944-95E5-38E680AB4633}.Debug|Any CPU.Build.0 = Debug|Any CPU
		{F290D2AB-AC95-4944-95E5-38E680AB4633}.Release|Any CPU.ActiveCfg = Release|Any CPU
		{F290D2AB-AC95-4944-95E5-38E680AB4633}.Release|Any CPU.Build.0 = Release|Any CPU
		{C7B0224B-CE3D-4800-9ADD-3B38650F5EF0}.Debug|Any CPU.ActiveCfg = Debug|Any CPU
		{C7B0224B-CE3D-4800-9ADD-3B38650F5EF0}.Debug|Any CPU.Build.0 = Debug|Any CPU
		{C7B0224B-CE3D-4800-9ADD-3B38650F5EF0}.Release|Any CPU.ActiveCfg = Release|Any CPU
		{C7B0224B-CE3D-4800-9ADD-3B38650F5EF0}.Release|Any CPU.Build.0 = Release|Any CPU
		{AA919D36-B300-4F14-ADE5-A190F836E548}.Debug|Any CPU.ActiveCfg = Debug|Any CPU
		{AA919D36-B300-4F14-ADE5-A190F836E548}.Debug|Any CPU.Build.0 = Debug|Any CPU
		{AA919D36-B300-4F14-ADE5-A190F836E548}.Release|Any CPU.ActiveCfg = Release|Any CPU
		{AA919D36-B300-4F14-ADE5-A190F836E548}.Release|Any CPU.Build.0 = Release|Any CPU
		{EA1CF48D-B352-4E23-B13A-B46B10EFA2BD}.Debug|Any CPU.ActiveCfg = Debug|Any CPU
		{EA1CF48D-B352-4E23-B13A-B46B10EFA2BD}.Debug|Any CPU.Build.0 = Debug|Any CPU
		{EA1CF48D-B352-4E23-B13A-B46B10EFA2BD}.Release|Any CPU.ActiveCfg = Release|Any CPU
		{EA1CF48D-B352-4E23-B13A-B46B10EFA2BD}.Release|Any CPU.Build.0 = Release|Any CPU
		{4369D503-28A4-4263-8877-E539EE45EF4D}.Debug|Any CPU.ActiveCfg = Debug|Any CPU
		{4369D503-28A4-4263-8877-E539EE45EF4D}.Debug|Any CPU.Build.0 = Debug|Any CPU
		{4369D503-28A4-4263-8877-E539EE45EF4D}.Release|Any CPU.ActiveCfg = Release|Any CPU
		{4369D503-28A4-4263-8877-E539EE45EF4D}.Release|Any CPU.Build.0 = Release|Any CPU
		{BEF6B776-49D6-4799-B53B-FDB0BB6D8D84}.Debug|Any CPU.ActiveCfg = Debug|Any CPU
		{BEF6B776-49D6-4799-B53B-FDB0BB6D8D84}.Debug|Any CPU.Build.0 = Debug|Any CPU
		{BEF6B776-49D6-4799-B53B-FDB0BB6D8D84}.Release|Any CPU.ActiveCfg = Release|Any CPU
		{BEF6B776-49D6-4799-B53B-FDB0BB6D8D84}.Release|Any CPU.Build.0 = Release|Any CPU
		{F570814F-DA54-489A-9D33-915632541882}.Debug|Any CPU.ActiveCfg = Debug|Any CPU
		{F570814F-DA54-489A-9D33-915632541882}.Debug|Any CPU.Build.0 = Debug|Any CPU
		{F570814F-DA54-489A-9D33-915632541882}.Release|Any CPU.ActiveCfg = Release|Any CPU
		{F570814F-DA54-489A-9D33-915632541882}.Release|Any CPU.Build.0 = Release|Any CPU
	EndGlobalSection
	GlobalSection(SolutionProperties) = preSolution
		HideSolutionNode = FALSE
	EndGlobalSection
EndGlobal
