
Microsoft Visual Studio Solution File, Format Version 12.00
# Visual Studio 14
VisualStudioVersion = 14.0.25420.1
MinimumVisualStudioVersion = 10.0.40219.1
Project("{FAE04EC0-301F-11D3-BF4B-00C04F79EFBC}") = "001", "001\001.csproj", "{A4C9D9A2-BE98-4933-9B8B-7697DC616F09}"
EndProject
Project("{FAE04EC0-301F-11D3-BF4B-00C04F79EFBC}") = "002", "002\002.csproj", "{43B34FDF-3C1A-49D0-A68B-73BF7AD98A05}"
EndProject
Project("{FAE04EC0-301F-11D3-BF4B-00C04F79EFBC}") = "003", "003\003.csproj", "{64F54F8E-1AF2-4B7C-B40A-B8C858161777}"
EndProject
Project("{FAE04EC0-301F-11D3-BF4B-00C04F79EFBC}") = "004", "004\004.csproj", "{45F85D9B-6E81-4476-9857-A48730DE3087}"
EndProject
Project("{FAE04EC0-301F-11D3-BF4B-00C04F79EFBC}") = "005", "005\005.csproj", "{127828B5-1C01-49D7-B799-A097BFC0D311}"
EndProject
Project("{FAE04EC0-301F-11D3-BF4B-00C04F79EFBC}") = "006", "006\006.csproj", "{B2DB69FB-3799-45DB-ABD8-036538DDD086}"
EndProject
Project("{FAE04EC0-301F-11D3-BF4B-00C04F79EFBC}") = "007", "007\007.csproj", "{E01400A8-18E9-48CF-A170-3894FE25B7ED}"
EndProject
Project("{FAE04EC0-301F-11D3-BF4B-00C04F79EFBC}") = "008", "008\008.csproj", "{E835E33D-A891-4797-BD9E-82B2A8A035FB}"
EndProject
Project("{FAE04EC0-301F-11D3-BF4B-00C04F79EFBC}") = "009", "009\009.csproj", "{A4F20143-0643-4920-B10A-1588D03C1A92}"
EndProject
Project("{FAE04EC0-301F-11D3-BF4B-00C04F79EFBC}") = "010", "010\010.csproj", "{27006EB1-676D-40BE-BF34-44D32516D0A3}"
EndProject
Project("{FAE04EC0-301F-11D3-BF4B-00C04F79EFBC}") = "011", "011\011.csproj", "{7B1D4FDA-57D3-45BB-9325-51F0BC4CDB5A}"
EndProject
Project("{FAE04EC0-301F-11D3-BF4B-00C04F79EFBC}") = "012", "012\012.csproj", "{4B70FAC8-5587-4403-8F84-4D45DA9F2B0F}"
EndProject
Global
	GlobalSection(SolutionConfigurationPlatforms) = preSolution
		Debug|Any CPU = Debug|Any CPU
		Release|Any CPU = Release|Any CPU
	EndGlobalSection
	GlobalSection(ProjectConfigurationPlatforms) = postSolution
		{A4C9D9A2-BE98-4933-9B8B-7697DC616F09}.Debug|Any CPU.ActiveCfg = Debug|Any CPU
		{A4C9D9A2-BE98-4933-9B8B-7697DC616F09}.Debug|Any CPU.Build.0 = Debug|Any CPU
		{A4C9D9A2-BE98-4933-9B8B-7697DC616F09}.Release|Any CPU.ActiveCfg = Release|Any CPU
		{A4C9D9A2-BE98-4933-9B8B-7697DC616F09}.Release|Any CPU.Build.0 = Release|Any CPU
		{43B34FDF-3C1A-49D0-A68B-73BF7AD98A05}.Debug|Any CPU.ActiveCfg = Debug|Any CPU
		{43B34FDF-3C1A-49D0-A68B-73BF7AD98A05}.Debug|Any CPU.Build.0 = Debug|Any CPU
		{43B34FDF-3C1A-49D0-A68B-73BF7AD98A05}.Release|Any CPU.ActiveCfg = Release|Any CPU
		{43B34FDF-3C1A-49D0-A68B-73BF7AD98A05}.Release|Any CPU.Build.0 = Release|Any CPU
		{64F54F8E-1AF2-4B7C-B40A-B8C858161777}.Debug|Any CPU.ActiveCfg = Debug|Any CPU
		{64F54F8E-1AF2-4B7C-B40A-B8C858161777}.Debug|Any CPU.Build.0 = Debug|Any CPU
		{64F54F8E-1AF2-4B7C-B40A-B8C858161777}.Release|Any CPU.ActiveCfg = Release|Any CPU
		{64F54F8E-1AF2-4B7C-B40A-B8C858161777}.Release|Any CPU.Build.0 = Release|Any CPU
		{45F85D9B-6E81-4476-9857-A48730DE3087}.Debug|Any CPU.ActiveCfg = Debug|Any CPU
		{45F85D9B-6E81-4476-9857-A48730DE3087}.Debug|Any CPU.Build.0 = Debug|Any CPU
		{45F85D9B-6E81-4476-9857-A48730DE3087}.Release|Any CPU.ActiveCfg = Release|Any CPU
		{45F85D9B-6E81-4476-9857-A48730DE3087}.Release|Any CPU.Build.0 = Release|Any CPU
		{127828B5-1C01-49D7-B799-A097BFC0D311}.Debug|Any CPU.ActiveCfg = Debug|Any CPU
		{127828B5-1C01-49D7-B799-A097BFC0D311}.Debug|Any CPU.Build.0 = Debug|Any CPU
		{127828B5-1C01-49D7-B799-A097BFC0D311}.Release|Any CPU.ActiveCfg = Release|Any CPU
		{127828B5-1C01-49D7-B799-A097BFC0D311}.Release|Any CPU.Build.0 = Release|Any CPU
		{B2DB69FB-3799-45DB-ABD8-036538DDD086}.Debug|Any CPU.ActiveCfg = Debug|Any CPU
		{B2DB69FB-3799-45DB-ABD8-036538DDD086}.Debug|Any CPU.Build.0 = Debug|Any CPU
		{B2DB69FB-3799-45DB-ABD8-036538DDD086}.Release|Any CPU.ActiveCfg = Release|Any CPU
		{B2DB69FB-3799-45DB-ABD8-036538DDD086}.Release|Any CPU.Build.0 = Release|Any CPU
		{E01400A8-18E9-48CF-A170-3894FE25B7ED}.Debug|Any CPU.ActiveCfg = Debug|Any CPU
		{E01400A8-18E9-48CF-A170-3894FE25B7ED}.Debug|Any CPU.Build.0 = Debug|Any CPU
		{E01400A8-18E9-48CF-A170-3894FE25B7ED}.Release|Any CPU.ActiveCfg = Release|Any CPU
		{E01400A8-18E9-48CF-A170-3894FE25B7ED}.Release|Any CPU.Build.0 = Release|Any CPU
		{E835E33D-A891-4797-BD9E-82B2A8A035FB}.Debug|Any CPU.ActiveCfg = Debug|Any CPU
		{E835E33D-A891-4797-BD9E-82B2A8A035FB}.Debug|Any CPU.Build.0 = Debug|Any CPU
		{E835E33D-A891-4797-BD9E-82B2A8A035FB}.Release|Any CPU.ActiveCfg = Release|Any CPU
		{E835E33D-A891-4797-BD9E-82B2A8A035FB}.Release|Any CPU.Build.0 = Release|Any CPU
		{A4F20143-0643-4920-B10A-1588D03C1A92}.Debug|Any CPU.ActiveCfg = Debug|Any CPU
		{A4F20143-0643-4920-B10A-1588D03C1A92}.Debug|Any CPU.Build.0 = Debug|Any CPU
		{A4F20143-0643-4920-B10A-1588D03C1A92}.Release|Any CPU.ActiveCfg = Release|Any CPU
		{A4F20143-0643-4920-B10A-1588D03C1A92}.Release|Any CPU.Build.0 = Release|Any CPU
		{27006EB1-676D-40BE-BF34-44D32516D0A3}.Debug|Any CPU.ActiveCfg = Debug|Any CPU
		{27006EB1-676D-40BE-BF34-44D32516D0A3}.Debug|Any CPU.Build.0 = Debug|Any CPU
		{27006EB1-676D-40BE-BF34-44D32516D0A3}.Release|Any CPU.ActiveCfg = Release|Any CPU
		{27006EB1-676D-40BE-BF34-44D32516D0A3}.Release|Any CPU.Build.0 = Release|Any CPU
		{7B1D4FDA-57D3-45BB-9325-51F0BC4CDB5A}.Debug|Any CPU.ActiveCfg = Debug|Any CPU
		{7B1D4FDA-57D3-45BB-9325-51F0BC4CDB5A}.Debug|Any CPU.Build.0 = Debug|Any CPU
		{7B1D4FDA-57D3-45BB-9325-51F0BC4CDB5A}.Release|Any CPU.ActiveCfg = Release|Any CPU
		{7B1D4FDA-57D3-45BB-9325-51F0BC4CDB5A}.Release|Any CPU.Build.0 = Release|Any CPU
		{4B70FAC8-5587-4403-8F84-4D45DA9F2B0F}.Debug|Any CPU.ActiveCfg = Debug|Any CPU
		{4B70FAC8-5587-4403-8F84-4D45DA9F2B0F}.Debug|Any CPU.Build.0 = Debug|Any CPU
		{4B70FAC8-5587-4403-8F84-4D45DA9F2B0F}.Release|Any CPU.ActiveCfg = Release|Any CPU
		{4B70FAC8-5587-4403-8F84-4D45DA9F2B0F}.Release|Any CPU.Build.0 = Release|Any CPU
	EndGlobalSection
	GlobalSection(SolutionProperties) = preSolution
		HideSolutionNode = FALSE
	EndGlobalSection
EndGlobal
