
Microsoft Visual Studio Solution File, Format Version 12.00
# Visual Studio 15
VisualStudioVersion = 15.0.26730.16
MinimumVisualStudioVersion = 10.0.40219.1
Project("{FAE04EC0-301F-11D3-BF4B-00C04F79EFBC}") = "WebServer", "WebServer\WebServer.csproj", "{A08F6590-5CB0-46E4-901F-CDD1F00C39F2}"
EndProject
Global
	GlobalSection(SolutionConfigurationPlatforms) = preSolution
		Debug|Any CPU = Debug|Any CPU
		Release|Any CPU = Release|Any CPU
	EndGlobalSection
	GlobalSection(ProjectConfigurationPlatforms) = postSolution
		{A08F6590-5CB0-46E4-901F-CDD1F00C39F2}.Debug|Any CPU.ActiveCfg = Debug|Any CPU
		{A08F6590-5CB0-46E4-901F-CDD1F00C39F2}.Debug|Any CPU.Build.0 = Debug|Any CPU
		{A08F6590-5CB0-46E4-901F-CDD1F00C39F2}.Release|Any CPU.ActiveCfg = Release|Any CPU
		{A08F6590-5CB0-46E4-901F-CDD1F00C39F2}.Release|Any CPU.Build.0 = Release|Any CPU
	EndGlobalSection
	GlobalSection(SolutionProperties) = preSolution
		HideSolutionNode = FALSE
	EndGlobalSection
	GlobalSection(ExtensibilityGlobals) = postSolution
		SolutionGuid = {51BE9379-2372-4ACB-9A4F-8459775BD632}
	EndGlobalSection
EndGlobal
