
Microsoft Visual Studio Solution File, Format Version 12.00
# Visual Studio 15
VisualStudioVersion = 15.0.26430.12
MinimumVisualStudioVersion = 10.0.40219.1
Project("{FAE04EC0-301F-11D3-BF4B-00C04F79EFBC}") = "_012", "_012\_012.csproj", "{A8C019B6-C66D-48C2-8368-63D285D173A3}"
EndProject
Global
	GlobalSection(SolutionConfigurationPlatforms) = preSolution
		Debug|Any CPU = Debug|Any CPU
		Release|Any CPU = Release|Any CPU
	EndGlobalSection
	GlobalSection(ProjectConfigurationPlatforms) = postSolution
		{A8C019B6-C66D-48C2-8368-63D285D173A3}.Debug|Any CPU.ActiveCfg = Debug|Any CPU
		{A8C019B6-C66D-48C2-8368-63D285D173A3}.Debug|Any CPU.Build.0 = Debug|Any CPU
		{A8C019B6-C66D-48C2-8368-63D285D173A3}.Release|Any CPU.ActiveCfg = Release|Any CPU
		{A8C019B6-C66D-48C2-8368-63D285D173A3}.Release|Any CPU.Build.0 = Release|Any CPU
	EndGlobalSection
	GlobalSection(SolutionProperties) = preSolution
		HideSolutionNode = FALSE
	EndGlobalSection
EndGlobal
