
Microsoft Visual Studio Solution File, Format Version 12.00
# Visual Studio 15
VisualStudioVersion = 15.0.26430.12
MinimumVisualStudioVersion = 10.0.40219.1
Project("{FAE04EC0-301F-11D3-BF4B-00C04F79EFBC}") = "_001", "_001\_001.csproj", "{F474C24E-CB92-4775-B8C0-02824EECE344}"
EndProject
Project("{FAE04EC0-301F-11D3-BF4B-00C04F79EFBC}") = "_002", "_002\_002.csproj", "{D5424046-4D58-4307-958D-C8A128FB87F9}"
EndProject
Project("{FAE04EC0-301F-11D3-BF4B-00C04F79EFBC}") = "_003", "_003\_003.csproj", "{A73A7ED7-2D72-48ED-963E-6C4C94E9DF05}"
EndProject
Project("{FAE04EC0-301F-11D3-BF4B-00C04F79EFBC}") = "_004", "_004\_004.csproj", "{54F32232-D211-4BBD-BA0A-4B1016367B77}"
EndProject
Project("{FAE04EC0-301F-11D3-BF4B-00C04F79EFBC}") = "_005", "_005\_005.csproj", "{E4AB49C3-97AD-468D-9FAC-21A80F7B76DF}"
EndProject
Project("{FAE04EC0-301F-11D3-BF4B-00C04F79EFBC}") = "_006", "_006\_006.csproj", "{DDE0ED96-CBA1-4A78-AFCF-9DA2CD840FDD}"
EndProject
Project("{FAE04EC0-301F-11D3-BF4B-00C04F79EFBC}") = "_007", "_007\_007.csproj", "{74F93B5A-D0E4-4180-B99D-65DE1F985DDF}"
EndProject
Project("{FAE04EC0-301F-11D3-BF4B-00C04F79EFBC}") = "_008", "_008\_008.csproj", "{D23E2377-887A-4DF0-B906-87A96EED918B}"
EndProject
Project("{FAE04EC0-301F-11D3-BF4B-00C04F79EFBC}") = "_009", "_009\_009.csproj", "{492F5117-B243-4358-AD52-0FE75366EA64}"
EndProject
Project("{FAE04EC0-301F-11D3-BF4B-00C04F79EFBC}") = "_010", "_010\_010.csproj", "{2A63E17B-FDBF-4CB1-A73B-F17ACEBDC956}"
EndProject
Project("{FAE04EC0-301F-11D3-BF4B-00C04F79EFBC}") = "_011", "_011\_011.csproj", "{04F482FF-F7A0-42A9-B5AF-27D8B4B2F4DA}"
EndProject
Global
	GlobalSection(SolutionConfigurationPlatforms) = preSolution
		Debug|Any CPU = Debug|Any CPU
		Release|Any CPU = Release|Any CPU
	EndGlobalSection
	GlobalSection(ProjectConfigurationPlatforms) = postSolution
		{F474C24E-CB92-4775-B8C0-02824EECE344}.Debug|Any CPU.ActiveCfg = Debug|Any CPU
		{F474C24E-CB92-4775-B8C0-02824EECE344}.Debug|Any CPU.Build.0 = Debug|Any CPU
		{F474C24E-CB92-4775-B8C0-02824EECE344}.Release|Any CPU.ActiveCfg = Release|Any CPU
		{F474C24E-CB92-4775-B8C0-02824EECE344}.Release|Any CPU.Build.0 = Release|Any CPU
		{D5424046-4D58-4307-958D-C8A128FB87F9}.Debug|Any CPU.ActiveCfg = Debug|Any CPU
		{D5424046-4D58-4307-958D-C8A128FB87F9}.Debug|Any CPU.Build.0 = Debug|Any CPU
		{D5424046-4D58-4307-958D-C8A128FB87F9}.Release|Any CPU.ActiveCfg = Release|Any CPU
		{D5424046-4D58-4307-958D-C8A128FB87F9}.Release|Any CPU.Build.0 = Release|Any CPU
		{A73A7ED7-2D72-48ED-963E-6C4C94E9DF05}.Debug|Any CPU.ActiveCfg = Debug|Any CPU
		{A73A7ED7-2D72-48ED-963E-6C4C94E9DF05}.Debug|Any CPU.Build.0 = Debug|Any CPU
		{A73A7ED7-2D72-48ED-963E-6C4C94E9DF05}.Release|Any CPU.ActiveCfg = Release|Any CPU
		{A73A7ED7-2D72-48ED-963E-6C4C94E9DF05}.Release|Any CPU.Build.0 = Release|Any CPU
		{54F32232-D211-4BBD-BA0A-4B1016367B77}.Debug|Any CPU.ActiveCfg = Debug|Any CPU
		{54F32232-D211-4BBD-BA0A-4B1016367B77}.Debug|Any CPU.Build.0 = Debug|Any CPU
		{54F32232-D211-4BBD-BA0A-4B1016367B77}.Release|Any CPU.ActiveCfg = Release|Any CPU
		{54F32232-D211-4BBD-BA0A-4B1016367B77}.Release|Any CPU.Build.0 = Release|Any CPU
		{E4AB49C3-97AD-468D-9FAC-21A80F7B76DF}.Debug|Any CPU.ActiveCfg = Debug|Any CPU
		{E4AB49C3-97AD-468D-9FAC-21A80F7B76DF}.Debug|Any CPU.Build.0 = Debug|Any CPU
		{E4AB49C3-97AD-468D-9FAC-21A80F7B76DF}.Release|Any CPU.ActiveCfg = Release|Any CPU
		{E4AB49C3-97AD-468D-9FAC-21A80F7B76DF}.Release|Any CPU.Build.0 = Release|Any CPU
		{DDE0ED96-CBA1-4A78-AFCF-9DA2CD840FDD}.Debug|Any CPU.ActiveCfg = Debug|Any CPU
		{DDE0ED96-CBA1-4A78-AFCF-9DA2CD840FDD}.Debug|Any CPU.Build.0 = Debug|Any CPU
		{DDE0ED96-CBA1-4A78-AFCF-9DA2CD840FDD}.Release|Any CPU.ActiveCfg = Release|Any CPU
		{DDE0ED96-CBA1-4A78-AFCF-9DA2CD840FDD}.Release|Any CPU.Build.0 = Release|Any CPU
		{74F93B5A-D0E4-4180-B99D-65DE1F985DDF}.Debug|Any CPU.ActiveCfg = Debug|Any CPU
		{74F93B5A-D0E4-4180-B99D-65DE1F985DDF}.Debug|Any CPU.Build.0 = Debug|Any CPU
		{74F93B5A-D0E4-4180-B99D-65DE1F985DDF}.Release|Any CPU.ActiveCfg = Release|Any CPU
		{74F93B5A-D0E4-4180-B99D-65DE1F985DDF}.Release|Any CPU.Build.0 = Release|Any CPU
		{D23E2377-887A-4DF0-B906-87A96EED918B}.Debug|Any CPU.ActiveCfg = Debug|Any CPU
		{D23E2377-887A-4DF0-B906-87A96EED918B}.Debug|Any CPU.Build.0 = Debug|Any CPU
		{D23E2377-887A-4DF0-B906-87A96EED918B}.Release|Any CPU.ActiveCfg = Release|Any CPU
		{D23E2377-887A-4DF0-B906-87A96EED918B}.Release|Any CPU.Build.0 = Release|Any CPU
		{492F5117-B243-4358-AD52-0FE75366EA64}.Debug|Any CPU.ActiveCfg = Debug|Any CPU
		{492F5117-B243-4358-AD52-0FE75366EA64}.Debug|Any CPU.Build.0 = Debug|Any CPU
		{492F5117-B243-4358-AD52-0FE75366EA64}.Release|Any CPU.ActiveCfg = Release|Any CPU
		{492F5117-B243-4358-AD52-0FE75366EA64}.Release|Any CPU.Build.0 = Release|Any CPU
		{2A63E17B-FDBF-4CB1-A73B-F17ACEBDC956}.Debug|Any CPU.ActiveCfg = Debug|Any CPU
		{2A63E17B-FDBF-4CB1-A73B-F17ACEBDC956}.Debug|Any CPU.Build.0 = Debug|Any CPU
		{2A63E17B-FDBF-4CB1-A73B-F17ACEBDC956}.Release|Any CPU.ActiveCfg = Release|Any CPU
		{2A63E17B-FDBF-4CB1-A73B-F17ACEBDC956}.Release|Any CPU.Build.0 = Release|Any CPU
		{04F482FF-F7A0-42A9-B5AF-27D8B4B2F4DA}.Debug|Any CPU.ActiveCfg = Debug|Any CPU
		{04F482FF-F7A0-42A9-B5AF-27D8B4B2F4DA}.Debug|Any CPU.Build.0 = Debug|Any CPU
		{04F482FF-F7A0-42A9-B5AF-27D8B4B2F4DA}.Release|Any CPU.ActiveCfg = Release|Any CPU
		{04F482FF-F7A0-42A9-B5AF-27D8B4B2F4DA}.Release|Any CPU.Build.0 = Release|Any CPU
	EndGlobalSection
	GlobalSection(SolutionProperties) = preSolution
		HideSolutionNode = FALSE
	EndGlobalSection
EndGlobal
